// !$*UTF8*$!
{
	archiveVersion = 1;
	classes = {
	};
	objectVersion = 46;
	objects = {

/* Begin PBXBuildFile section */
		B80A468B1A5BCCEA0010E511 /* スクリーンショット 2014-12-16 13.18.06.png in Resources */ = {isa = PBXBuildFile; fileRef = B80A468A1A5BCCEA0010E511 /* スクリーンショット 2014-12-16 13.18.06.png */; };
		B80A468D1A5BF2680010E511 /* 頭痛にナファリン.mp3 in Resources */ = {isa = PBXBuildFile; fileRef = B80A468C1A5BF2680010E511 /* 頭痛にナファリン.mp3 */; };
		B80A468F1A5BF3610010E511 /* こころをリラックス。.m4a in Resources */ = {isa = PBXBuildFile; fileRef = B80A468E1A5BF3610010E511 /* こころをリラックス。.m4a */; };
		B80A46911A5BF3D30010E511 /* スクリーンショット 2014-12-22 16.28.18.png in Resources */ = {isa = PBXBuildFile; fileRef = B80A46901A5BF3D30010E511 /* スクリーンショット 2014-12-22 16.28.18.png */; };
		B80A46931A5BF5950010E511 /* いっしょにねよう？.m4a in Resources */ = {isa = PBXBuildFile; fileRef = B80A46921A5BF5950010E511 /* いっしょにねよう？.m4a */; };
		B80A46951A5BF5A30010E511 /* maid_sleep.jpg in Resources */ = {isa = PBXBuildFile; fileRef = B80A46941A5BF5A30010E511 /* maid_sleep.jpg */; };
		B815C9081A71066500D56D49 /* SwiftData.swift in Sources */ = {isa = PBXBuildFile; fileRef = B815C9071A71066500D56D49 /* SwiftData.swift */; };
		B815C90A1A71ECC800D56D49 /* libsqlite3.dylib in Frameworks */ = {isa = PBXBuildFile; fileRef = B815C9091A71ECC800D56D49 /* libsqlite3.dylib */; };
		B824F87F1A4AE942003949DE /* player下.png in Resources */ = {isa = PBXBuildFile; fileRef = B824F87E1A4AE942003949DE /* player下.png */; };
		B82A28DF1A626816000E5DF1 /* river.mp3 in Resources */ = {isa = PBXBuildFile; fileRef = B82A28DE1A626816000E5DF1 /* river.mp3 */; };
		B82A28E11A6289EC000E5DF1 /* AVFoundation.framework in Frameworks */ = {isa = PBXBuildFile; fileRef = B82A28E01A6289EC000E5DF1 /* AVFoundation.framework */; };
		B82A28E31A6289FD000E5DF1 /* MediaPlayer.framework in Frameworks */ = {isa = PBXBuildFile; fileRef = B82A28E21A6289FD000E5DF1 /* MediaPlayer.framework */; };
		B82A28E51A628A61000E5DF1 /* UIKit.framework in Frameworks */ = {isa = PBXBuildFile; fileRef = B82A28E41A628A61000E5DF1 /* UIKit.framework */; };
		B82C7F7C1A7D06AB00A4C23C /* azuki.ttf in Resources */ = {isa = PBXBuildFile; fileRef = B82C7F7B1A7D06AB00A4C23C /* azuki.ttf */; };
		B838E2181A59449500AC809E /* mb.png in Resources */ = {isa = PBXBuildFile; fileRef = B838E2171A59449500AC809E /* mb.png */; };
		B838E2481A5A6C8A00AC809E /* slime.gif in Resources */ = {isa = PBXBuildFile; fileRef = B838E2471A5A6C8A00AC809E /* slime.gif */; };
		B838E24A1A5A739100AC809E /* 41515328.jpg in Resources */ = {isa = PBXBuildFile; fileRef = B838E2491A5A739100AC809E /* 41515328.jpg */; };
		B838E24C1A5A938C00AC809E /* player2.png in Resources */ = {isa = PBXBuildFile; fileRef = B838E24B1A5A938C00AC809E /* player2.png */; };
		B838E24E1A5A946600AC809E /* shop_gamers-cd.jpg in Resources */ = {isa = PBXBuildFile; fileRef = B838E24D1A5A946600AC809E /* shop_gamers-cd.jpg */; };
		B866F7F11A4AD44A00BCA990 /* AppDelegate.swift in Sources */ = {isa = PBXBuildFile; fileRef = B866F7F01A4AD44A00BCA990 /* AppDelegate.swift */; };
		B866F7F31A4AD44A00BCA990 /* HomeViewController.swift in Sources */ = {isa = PBXBuildFile; fileRef = B866F7F21A4AD44A00BCA990 /* HomeViewController.swift */; };
		B866F7F61A4AD44A00BCA990 /* Main.storyboard in Resources */ = {isa = PBXBuildFile; fileRef = B866F7F41A4AD44A00BCA990 /* Main.storyboard */; };
		B866F7F81A4AD44A00BCA990 /* Images.xcassets in Resources */ = {isa = PBXBuildFile; fileRef = B866F7F71A4AD44A00BCA990 /* Images.xcassets */; };
		B866F7FB1A4AD44A00BCA990 /* LaunchScreen.xib in Resources */ = {isa = PBXBuildFile; fileRef = B866F7F91A4AD44A00BCA990 /* LaunchScreen.xib */; };
		B866F8071A4AD44A00BCA990 /* AnminKomachiTests.swift in Sources */ = {isa = PBXBuildFile; fileRef = B866F8061A4AD44A00BCA990 /* AnminKomachiTests.swift */; };
		B866F8151A4AD6E700BCA990 /* Constants.swift in Sources */ = {isa = PBXBuildFile; fileRef = B866F8141A4AD6E700BCA990 /* Constants.swift */; };
		B866F8181A4AD6FD00BCA990 /* SleepVoiceManager.swift in Sources */ = {isa = PBXBuildFile; fileRef = B866F8161A4AD6FD00BCA990 /* SleepVoiceManager.swift */; };
		B866F8191A4AD6FD00BCA990 /* SleepVoiceManager.swift in Sources */ = {isa = PBXBuildFile; fileRef = B866F8161A4AD6FD00BCA990 /* SleepVoiceManager.swift */; };
		B866F81A1A4AD6FD00BCA990 /* TalkManager.swift in Sources */ = {isa = PBXBuildFile; fileRef = B866F8171A4AD6FD00BCA990 /* TalkManager.swift */; };
		B866F81B1A4AD6FD00BCA990 /* TalkManager.swift in Sources */ = {isa = PBXBuildFile; fileRef = B866F8171A4AD6FD00BCA990 /* TalkManager.swift */; };
		B866F8221A4AD70700BCA990 /* FadeLabel.swift in Sources */ = {isa = PBXBuildFile; fileRef = B866F81D1A4AD70700BCA990 /* FadeLabel.swift */; };
		B866F8231A4AD70700BCA990 /* FadeLabel.swift in Sources */ = {isa = PBXBuildFile; fileRef = B866F81D1A4AD70700BCA990 /* FadeLabel.swift */; };
		B866F8241A4AD70700BCA990 /* JsonReader.swift in Sources */ = {isa = PBXBuildFile; fileRef = B866F81E1A4AD70700BCA990 /* JsonReader.swift */; };
		B866F8251A4AD70700BCA990 /* JsonReader.swift in Sources */ = {isa = PBXBuildFile; fileRef = B866F81E1A4AD70700BCA990 /* JsonReader.swift */; };
		B866F8261A4AD70700BCA990 /* SoundPlayer.swift in Sources */ = {isa = PBXBuildFile; fileRef = B866F81F1A4AD70700BCA990 /* SoundPlayer.swift */; };
		B866F8271A4AD70700BCA990 /* SoundPlayer.swift in Sources */ = {isa = PBXBuildFile; fileRef = B866F81F1A4AD70700BCA990 /* SoundPlayer.swift */; };
		B866F82A1A4AD7EB00BCA990 /* SleepLsViewController.swift in Sources */ = {isa = PBXBuildFile; fileRef = B866F8291A4AD7EB00BCA990 /* SleepLsViewController.swift */; };
		B866F82B1A4AD7EB00BCA990 /* SleepLsViewController.swift in Sources */ = {isa = PBXBuildFile; fileRef = B866F8291A4AD7EB00BCA990 /* SleepLsViewController.swift */; };
		B866F82E1A4AD83F00BCA990 /* SwiftyJSON.swift in Sources */ = {isa = PBXBuildFile; fileRef = B866F82D1A4AD83F00BCA990 /* SwiftyJSON.swift */; };
		B866F82F1A4AD83F00BCA990 /* SwiftyJSON.swift in Sources */ = {isa = PBXBuildFile; fileRef = B866F82D1A4AD83F00BCA990 /* SwiftyJSON.swift */; };
		B866F8301A4AD8F000BCA990 /* Constants.swift in Sources */ = {isa = PBXBuildFile; fileRef = B866F8141A4AD6E700BCA990 /* Constants.swift */; };
		B866F8331A4AD9E300BCA990 /* SleepPrViewController.swift in Sources */ = {isa = PBXBuildFile; fileRef = B866F8321A4AD9E300BCA990 /* SleepPrViewController.swift */; };
		B866F8341A4AD9E300BCA990 /* SleepPrViewController.swift in Sources */ = {isa = PBXBuildFile; fileRef = B866F8321A4AD9E300BCA990 /* SleepPrViewController.swift */; };
		B866F83E1A4ADAC100BCA990 /* hanasaku.png in Resources */ = {isa = PBXBuildFile; fileRef = B866F8351A4ADAC100BCA990 /* hanasaku.png */; };
		B866F83F1A4ADAC100BCA990 /* hanasaku.png in Resources */ = {isa = PBXBuildFile; fileRef = B866F8351A4ADAC100BCA990 /* hanasaku.png */; };
		B866F8401A4ADAC100BCA990 /* ささら.png in Resources */ = {isa = PBXBuildFile; fileRef = B866F8361A4ADAC100BCA990 /* ささら.png */; };
		B866F8411A4ADAC100BCA990 /* ささら.png in Resources */ = {isa = PBXBuildFile; fileRef = B866F8361A4ADAC100BCA990 /* ささら.png */; };
		B866F8421A4ADAC100BCA990 /* shirokuma.png in Resources */ = {isa = PBXBuildFile; fileRef = B866F8371A4ADAC100BCA990 /* shirokuma.png */; };
		B866F8431A4ADAC100BCA990 /* shirokuma.png in Resources */ = {isa = PBXBuildFile; fileRef = B866F8371A4ADAC100BCA990 /* shirokuma.png */; };
		B866F8441A4ADAC100BCA990 /* orange_button.png in Resources */ = {isa = PBXBuildFile; fileRef = B866F8381A4ADAC100BCA990 /* orange_button.png */; };
		B866F8451A4ADAC100BCA990 /* orange_button.png in Resources */ = {isa = PBXBuildFile; fileRef = B866F8381A4ADAC100BCA990 /* orange_button.png */; };
		B866F8461A4ADAC100BCA990 /* yourd.png in Resources */ = {isa = PBXBuildFile; fileRef = B866F8391A4ADAC100BCA990 /* yourd.png */; };
		B866F8471A4ADAC100BCA990 /* yourd.png in Resources */ = {isa = PBXBuildFile; fileRef = B866F8391A4ADAC100BCA990 /* yourd.png */; };
		B866F8481A4ADAC100BCA990 /* player.png in Resources */ = {isa = PBXBuildFile; fileRef = B866F83A1A4ADAC100BCA990 /* player.png */; };
		B866F8491A4ADAC100BCA990 /* player.png in Resources */ = {isa = PBXBuildFile; fileRef = B866F83A1A4ADAC100BCA990 /* player.png */; };
		B866F84A1A4ADAC100BCA990 /* shirokuma_l.png in Resources */ = {isa = PBXBuildFile; fileRef = B866F83B1A4ADAC100BCA990 /* shirokuma_l.png */; };
		B866F84B1A4ADAC100BCA990 /* shirokuma_l.png in Resources */ = {isa = PBXBuildFile; fileRef = B866F83B1A4ADAC100BCA990 /* shirokuma_l.png */; };
		B866F84C1A4ADAC100BCA990 /* player横.png in Resources */ = {isa = PBXBuildFile; fileRef = B866F83C1A4ADAC100BCA990 /* player横.png */; };
		B866F84D1A4ADAC100BCA990 /* player横.png in Resources */ = {isa = PBXBuildFile; fileRef = B866F83C1A4ADAC100BCA990 /* player横.png */; };
		B866F84E1A4ADAC100BCA990 /* player横用.png in Resources */ = {isa = PBXBuildFile; fileRef = B866F83D1A4ADAC100BCA990 /* player横用.png */; };
		B866F84F1A4ADAC100BCA990 /* player横用.png in Resources */ = {isa = PBXBuildFile; fileRef = B866F83D1A4ADAC100BCA990 /* player横用.png */; };
		B875B7A01A7F42D60052467D /* cover_ls_01.jpg in Resources */ = {isa = PBXBuildFile; fileRef = B875B7661A7F42D60052467D /* cover_ls_01.jpg */; };
		B875B7A11A7F42D60052467D /* cover_ls_02.jpg in Resources */ = {isa = PBXBuildFile; fileRef = B875B7671A7F42D60052467D /* cover_ls_02.jpg */; };
		B875B7A21A7F42D60052467D /* cover_ls_03.jpg in Resources */ = {isa = PBXBuildFile; fileRef = B875B7681A7F42D60052467D /* cover_ls_03.jpg */; };
		B875B7A31A7F42D60052467D /* cover_ls_04.jpg in Resources */ = {isa = PBXBuildFile; fileRef = B875B7691A7F42D60052467D /* cover_ls_04.jpg */; };
		B875B7A41A7F42D60052467D /* cover_ls_05.jpg in Resources */ = {isa = PBXBuildFile; fileRef = B875B76A1A7F42D60052467D /* cover_ls_05.jpg */; };
		B875B7A51A7F42D60052467D /* cover_ls_06.jpg in Resources */ = {isa = PBXBuildFile; fileRef = B875B76B1A7F42D60052467D /* cover_ls_06.jpg */; };
		B875B7A61A7F42D60052467D /* cover_ls_07.jpg in Resources */ = {isa = PBXBuildFile; fileRef = B875B76C1A7F42D60052467D /* cover_ls_07.jpg */; };
		B875B7A71A7F42D60052467D /* cover_ls_08.jpg in Resources */ = {isa = PBXBuildFile; fileRef = B875B76D1A7F42D60052467D /* cover_ls_08.jpg */; };
		B875B7A81A7F42D60052467D /* cover_ls_09.jpg in Resources */ = {isa = PBXBuildFile; fileRef = B875B76E1A7F42D60052467D /* cover_ls_09.jpg */; };
		B875B7A91A7F42D60052467D /* cover_ls_10.jpg in Resources */ = {isa = PBXBuildFile; fileRef = B875B76F1A7F42D60052467D /* cover_ls_10.jpg */; };
		B875B7AA1A7F42D60052467D /* cover_ls_11.jpg in Resources */ = {isa = PBXBuildFile; fileRef = B875B7701A7F42D60052467D /* cover_ls_11.jpg */; };
		B875B7AB1A7F42D60052467D /* cover_ls_12.jpg in Resources */ = {isa = PBXBuildFile; fileRef = B875B7711A7F42D60052467D /* cover_ls_12.jpg */; };
		B875B7AC1A7F42D60052467D /* cover_ls_13.jpg in Resources */ = {isa = PBXBuildFile; fileRef = B875B7721A7F42D60052467D /* cover_ls_13.jpg */; };
		B875B7AD1A7F42D60052467D /* cover_ls_14.jpg in Resources */ = {isa = PBXBuildFile; fileRef = B875B7731A7F42D60052467D /* cover_ls_14.jpg */; };
		B875B7AE1A7F42D60052467D /* cover_ls_15.jpg in Resources */ = {isa = PBXBuildFile; fileRef = B875B7741A7F42D60052467D /* cover_ls_15.jpg */; };
		B875B7AF1A7F42D60052467D /* cover_ls_16.jpg in Resources */ = {isa = PBXBuildFile; fileRef = B875B7751A7F42D60052467D /* cover_ls_16.jpg */; };
		B875B7B01A7F42D60052467D /* cover_ls_17.jpg in Resources */ = {isa = PBXBuildFile; fileRef = B875B7761A7F42D60052467D /* cover_ls_17.jpg */; };
		B875B7B11A7F42D60052467D /* cover_ls_18.jpg in Resources */ = {isa = PBXBuildFile; fileRef = B875B7771A7F42D60052467D /* cover_ls_18.jpg */; };
		B875B7B21A7F42D60052467D /* cover_ls_19.jpg in Resources */ = {isa = PBXBuildFile; fileRef = B875B7781A7F42D60052467D /* cover_ls_19.jpg */; };
		B875B7B31A7F42D60052467D /* cover_ls_20.jpg in Resources */ = {isa = PBXBuildFile; fileRef = B875B7791A7F42D60052467D /* cover_ls_20.jpg */; };
		B875B7B41A7F42D60052467D /* cover_ls_21.jpg in Resources */ = {isa = PBXBuildFile; fileRef = B875B77A1A7F42D60052467D /* cover_ls_21.jpg */; };
		B875B7B51A7F42D60052467D /* cover_ls_22.jpg in Resources */ = {isa = PBXBuildFile; fileRef = B875B77B1A7F42D60052467D /* cover_ls_22.jpg */; };
		B875B7B61A7F42D60052467D /* cover_ls_23.jpg in Resources */ = {isa = PBXBuildFile; fileRef = B875B77C1A7F42D60052467D /* cover_ls_23.jpg */; };
		B875B7B71A7F42D60052467D /* cover_ls_24.jpg in Resources */ = {isa = PBXBuildFile; fileRef = B875B77D1A7F42D60052467D /* cover_ls_24.jpg */; };
		B875B7B81A7F42D60052467D /* cover_ls_25.jpg in Resources */ = {isa = PBXBuildFile; fileRef = B875B77E1A7F42D60052467D /* cover_ls_25.jpg */; };
		B875B7B91A7F42D60052467D /* cover_ls_26.jpg in Resources */ = {isa = PBXBuildFile; fileRef = B875B77F1A7F42D60052467D /* cover_ls_26.jpg */; };
		B875B7BA1A7F42D60052467D /* cover_ls_27.jpg in Resources */ = {isa = PBXBuildFile; fileRef = B875B7801A7F42D60052467D /* cover_ls_27.jpg */; };
		B875B7BB1A7F42D60052467D /* cover_pr_01.jpg in Resources */ = {isa = PBXBuildFile; fileRef = B875B7811A7F42D60052467D /* cover_pr_01.jpg */; };
		B875B7BC1A7F42D60052467D /* cover_pr_02.jpg in Resources */ = {isa = PBXBuildFile; fileRef = B875B7821A7F42D60052467D /* cover_pr_02.jpg */; };
		B875B7BD1A7F42D60052467D /* cover_pr_03.jpg in Resources */ = {isa = PBXBuildFile; fileRef = B875B7831A7F42D60052467D /* cover_pr_03.jpg */; };
		B875B7BE1A7F42D60052467D /* cover_pr_04.jpg in Resources */ = {isa = PBXBuildFile; fileRef = B875B7841A7F42D60052467D /* cover_pr_04.jpg */; };
		B875B7BF1A7F42D60052467D /* cover_pr_05.jpg in Resources */ = {isa = PBXBuildFile; fileRef = B875B7851A7F42D60052467D /* cover_pr_05.jpg */; };
		B875B7C01A7F42D60052467D /* cover_pr_06.jpg in Resources */ = {isa = PBXBuildFile; fileRef = B875B7861A7F42D60052467D /* cover_pr_06.jpg */; };
		B875B7C11A7F42D60052467D /* cover_pr_07.jpg in Resources */ = {isa = PBXBuildFile; fileRef = B875B7871A7F42D60052467D /* cover_pr_07.jpg */; };
		B875B7C21A7F42D60052467D /* cover_pr_08.jpg in Resources */ = {isa = PBXBuildFile; fileRef = B875B7881A7F42D60052467D /* cover_pr_08.jpg */; };
		B875B7C31A7F42D60052467D /* cover_pr_09.jpg in Resources */ = {isa = PBXBuildFile; fileRef = B875B7891A7F42D60052467D /* cover_pr_09.jpg */; };
		B875B7C41A7F42D60052467D /* cover_pr_10.jpg in Resources */ = {isa = PBXBuildFile; fileRef = B875B78A1A7F42D60052467D /* cover_pr_10.jpg */; };
		B875B7C51A7F42D60052467D /* cover_pr_11.jpg in Resources */ = {isa = PBXBuildFile; fileRef = B875B78B1A7F42D60052467D /* cover_pr_11.jpg */; };
		B875B7C61A7F42D60052467D /* cover_pr_12.jpg in Resources */ = {isa = PBXBuildFile; fileRef = B875B78C1A7F42D60052467D /* cover_pr_12.jpg */; };
		B875B7C71A7F42D60052467D /* cover_pr_13.jpg in Resources */ = {isa = PBXBuildFile; fileRef = B875B78D1A7F42D60052467D /* cover_pr_13.jpg */; };
		B875B7C81A7F42D60052467D /* cover_pr_14.jpg in Resources */ = {isa = PBXBuildFile; fileRef = B875B78E1A7F42D60052467D /* cover_pr_14.jpg */; };
		B875B7C91A7F42D60052467D /* cover_pr_15.jpg in Resources */ = {isa = PBXBuildFile; fileRef = B875B78F1A7F42D60052467D /* cover_pr_15.jpg */; };
		B875B7CA1A7F42D60052467D /* cover_pr_16.jpg in Resources */ = {isa = PBXBuildFile; fileRef = B875B7901A7F42D60052467D /* cover_pr_16.jpg */; };
		B875B7CB1A7F42D60052467D /* cover_pr_17.jpg in Resources */ = {isa = PBXBuildFile; fileRef = B875B7911A7F42D60052467D /* cover_pr_17.jpg */; };
		B875B7CC1A7F42D60052467D /* cover_pr_18.jpg in Resources */ = {isa = PBXBuildFile; fileRef = B875B7921A7F42D60052467D /* cover_pr_18.jpg */; };
		B875B7CD1A7F42D60052467D /* cover_pr_19.jpg in Resources */ = {isa = PBXBuildFile; fileRef = B875B7931A7F42D60052467D /* cover_pr_19.jpg */; };
		B875B7CE1A7F42D60052467D /* cover_pr_20.jpg in Resources */ = {isa = PBXBuildFile; fileRef = B875B7941A7F42D60052467D /* cover_pr_20.jpg */; };
		B875B7CF1A7F42D60052467D /* cover_pr_21.jpg in Resources */ = {isa = PBXBuildFile; fileRef = B875B7951A7F42D60052467D /* cover_pr_21.jpg */; };
		B875B7D01A7F42D60052467D /* cover_pr_22.jpg in Resources */ = {isa = PBXBuildFile; fileRef = B875B7961A7F42D60052467D /* cover_pr_22.jpg */; };
		B875B7D11A7F42D60052467D /* cover_pr_23.jpg in Resources */ = {isa = PBXBuildFile; fileRef = B875B7971A7F42D60052467D /* cover_pr_23.jpg */; };
		B875B7D21A7F42D60052467D /* cover_pr_24.jpg in Resources */ = {isa = PBXBuildFile; fileRef = B875B7981A7F42D60052467D /* cover_pr_24.jpg */; };
		B875B7D31A7F42D60052467D /* cover_pr_25.jpg in Resources */ = {isa = PBXBuildFile; fileRef = B875B7991A7F42D60052467D /* cover_pr_25.jpg */; };
		B875B7D41A7F42D60052467D /* cover_pr_26.jpg in Resources */ = {isa = PBXBuildFile; fileRef = B875B79A1A7F42D60052467D /* cover_pr_26.jpg */; };
		B875B7D51A7F42D60052467D /* cover_pr_27.jpg in Resources */ = {isa = PBXBuildFile; fileRef = B875B79B1A7F42D60052467D /* cover_pr_27.jpg */; };
		B875B7D61A7F42D60052467D /* cover_pr_28.jpg in Resources */ = {isa = PBXBuildFile; fileRef = B875B79C1A7F42D60052467D /* cover_pr_28.jpg */; };
		B875B7D71A7F42D60052467D /* cover_pr_29.jpg in Resources */ = {isa = PBXBuildFile; fileRef = B875B79D1A7F42D60052467D /* cover_pr_29.jpg */; };
		B875B7D81A7F42D60052467D /* cover_pr_30.jpg in Resources */ = {isa = PBXBuildFile; fileRef = B875B79E1A7F42D60052467D /* cover_pr_30.jpg */; };
		B875B7D91A7F42D60052467D /* cover_pr_31.jpg in Resources */ = {isa = PBXBuildFile; fileRef = B875B79F1A7F42D60052467D /* cover_pr_31.jpg */; };
		B875B7DB1A7F47E30052467D /* HomePrViewController.swift in Sources */ = {isa = PBXBuildFile; fileRef = B875B7DA1A7F47E30052467D /* HomePrViewController.swift */; };
		B875B7DC1A7F47E30052467D /* HomePrViewController.swift in Sources */ = {isa = PBXBuildFile; fileRef = B875B7DA1A7F47E30052467D /* HomePrViewController.swift */; };
		B887DA731A5C0616004391E1 /* スクリーンショット 2014-12-21 18.48.19.png in Resources */ = {isa = PBXBuildFile; fileRef = B887DA721A5C0616004391E1 /* スクリーンショット 2014-12-21 18.48.19.png */; };
		B887DA751A5C0752004391E1 /* HomeLsViewController.swift in Sources */ = {isa = PBXBuildFile; fileRef = B887DA741A5C0752004391E1 /* HomeLsViewController.swift */; };
		B887DA761A5C0752004391E1 /* HomeLsViewController.swift in Sources */ = {isa = PBXBuildFile; fileRef = B887DA741A5C0752004391E1 /* HomeLsViewController.swift */; };
		B887DA781A5C07E1004391E1 /* LauncherViewController.swift in Sources */ = {isa = PBXBuildFile; fileRef = B887DA771A5C07E1004391E1 /* LauncherViewController.swift */; };
		B887DA791A5C07E1004391E1 /* LauncherViewController.swift in Sources */ = {isa = PBXBuildFile; fileRef = B887DA771A5C07E1004391E1 /* LauncherViewController.swift */; };
		B88D01F61A6E96FA0066EFC6 /* cover_sq_01.jpg in Resources */ = {isa = PBXBuildFile; fileRef = B88D01181A6E96FA0066EFC6 /* cover_sq_01.jpg */; };
		B88D01F71A6E96FA0066EFC6 /* cover_sq_02.jpg in Resources */ = {isa = PBXBuildFile; fileRef = B88D01191A6E96FA0066EFC6 /* cover_sq_02.jpg */; };
		B88D01F81A6E96FA0066EFC6 /* cover_sq_03.jpg in Resources */ = {isa = PBXBuildFile; fileRef = B88D011A1A6E96FA0066EFC6 /* cover_sq_03.jpg */; };
		B88D01F91A6E96FA0066EFC6 /* cover_sq_04.jpg in Resources */ = {isa = PBXBuildFile; fileRef = B88D011B1A6E96FA0066EFC6 /* cover_sq_04.jpg */; };
		B88D01FA1A6E96FA0066EFC6 /* cover_sq_05.jpg in Resources */ = {isa = PBXBuildFile; fileRef = B88D011C1A6E96FA0066EFC6 /* cover_sq_05.jpg */; };
		B88D01FB1A6E96FA0066EFC6 /* cover_sq_06.jpg in Resources */ = {isa = PBXBuildFile; fileRef = B88D011D1A6E96FA0066EFC6 /* cover_sq_06.jpg */; };
		B88D01FC1A6E96FA0066EFC6 /* cover_sq_07.jpg in Resources */ = {isa = PBXBuildFile; fileRef = B88D011E1A6E96FA0066EFC6 /* cover_sq_07.jpg */; };
		B88D01FD1A6E96FA0066EFC6 /* cover_sq_08.jpg in Resources */ = {isa = PBXBuildFile; fileRef = B88D011F1A6E96FA0066EFC6 /* cover_sq_08.jpg */; };
		B88D01FE1A6E96FA0066EFC6 /* cover_sq_09.jpg in Resources */ = {isa = PBXBuildFile; fileRef = B88D01201A6E96FA0066EFC6 /* cover_sq_09.jpg */; };
		B88D01FF1A6E96FA0066EFC6 /* cover_sq_10.jpg in Resources */ = {isa = PBXBuildFile; fileRef = B88D01211A6E96FA0066EFC6 /* cover_sq_10.jpg */; };
		B88D02001A6E96FA0066EFC6 /* cover_sq_11.jpg in Resources */ = {isa = PBXBuildFile; fileRef = B88D01221A6E96FA0066EFC6 /* cover_sq_11.jpg */; };
		B88D02011A6E96FA0066EFC6 /* cover_sq_12.jpg in Resources */ = {isa = PBXBuildFile; fileRef = B88D01231A6E96FA0066EFC6 /* cover_sq_12.jpg */; };
		B88D02021A6E96FA0066EFC6 /* cover_sq_13.jpg in Resources */ = {isa = PBXBuildFile; fileRef = B88D01241A6E96FA0066EFC6 /* cover_sq_13.jpg */; };
		B88D02031A6E96FA0066EFC6 /* cover_sq_14.jpg in Resources */ = {isa = PBXBuildFile; fileRef = B88D01251A6E96FA0066EFC6 /* cover_sq_14.jpg */; };
		B88D02041A6E96FA0066EFC6 /* cover_sq_15.jpg in Resources */ = {isa = PBXBuildFile; fileRef = B88D01261A6E96FA0066EFC6 /* cover_sq_15.jpg */; };
		B88D02051A6E96FA0066EFC6 /* cover_sq_16.jpg in Resources */ = {isa = PBXBuildFile; fileRef = B88D01271A6E96FA0066EFC6 /* cover_sq_16.jpg */; };
		B88D02061A6E96FA0066EFC6 /* cover_sq_17.jpg in Resources */ = {isa = PBXBuildFile; fileRef = B88D01281A6E96FA0066EFC6 /* cover_sq_17.jpg */; };
		B88D02071A6E96FA0066EFC6 /* cover_sq_18.jpg in Resources */ = {isa = PBXBuildFile; fileRef = B88D01291A6E96FA0066EFC6 /* cover_sq_18.jpg */; };
		B88D02091A6E9C530066EFC6 /* piroriro.wav in Resources */ = {isa = PBXBuildFile; fileRef = B88D02081A6E9C530066EFC6 /* piroriro.wav */; };
		B893C9831A4AE4B300378B72 /* oyas01_sample.mp3 in Resources */ = {isa = PBXBuildFile; fileRef = B893C9821A4AE4B300378B72 /* oyas01_sample.mp3 */; };
		B893C9841A4AE4B300378B72 /* oyas01_sample.mp3 in Resources */ = {isa = PBXBuildFile; fileRef = B893C9821A4AE4B300378B72 /* oyas01_sample.mp3 */; };
		B8CAECFB1A6FB19300994317 /* ボタン桜.png in Resources */ = {isa = PBXBuildFile; fileRef = B8CAECFA1A6FB19300994317 /* ボタン桜.png */; };
		B8F302811A77792A003784F9 /* ema.jpg in Resources */ = {isa = PBXBuildFile; fileRef = B8F302801A77792A003784F9 /* ema.jpg */; };
		B8F302831A779260003784F9 /* window.png in Resources */ = {isa = PBXBuildFile; fileRef = B8F302821A779260003784F9 /* window.png */; };
		B8F302861A779C36003784F9 /* コイン.wav in Resources */ = {isa = PBXBuildFile; fileRef = B8F302851A779C36003784F9 /* コイン.wav */; };
		B8F3028A1A779DA0003784F9 /* コイン.m4a in Resources */ = {isa = PBXBuildFile; fileRef = B8F302891A779DA0003784F9 /* コイン.m4a */; };
		B8F3028C1A77B141003784F9 /* UIOutlineLabel.swift in Sources */ = {isa = PBXBuildFile; fileRef = B8F3028B1A77B141003784F9 /* UIOutlineLabel.swift */; };
		B8F302901A77B31A003784F9 /* TTTAttributedLabel.m in Sources */ = {isa = PBXBuildFile; fileRef = B8F3028F1A77B31A003784F9 /* TTTAttributedLabel.m */; };
		B8FCB03D1A6BC1A3002A659D /* image003.jpg in Resources */ = {isa = PBXBuildFile; fileRef = B8FCB03C1A6BC1A3002A659D /* image003.jpg */; };
		B8FCB03F1A6BC1B9002A659D /* リビング.jpg in Resources */ = {isa = PBXBuildFile; fileRef = B8FCB03E1A6BC1B9002A659D /* リビング.jpg */; };
		B8FCB0411A6BC239002A659D /* 寮の部屋B.jpg in Resources */ = {isa = PBXBuildFile; fileRef = B8FCB0401A6BC239002A659D /* 寮の部屋B.jpg */; };
		B8FCB0431A6BC4DA002A659D /* 雫.png in Resources */ = {isa = PBXBuildFile; fileRef = B8FCB0421A6BC4DA002A659D /* 雫.png */; };
		B8FCB0451A6BC5E9002A659D /* たんぽぽの綿毛.mp3 in Resources */ = {isa = PBXBuildFile; fileRef = B8FCB0441A6BC5E9002A659D /* たんぽぽの綿毛.mp3 */; };
		B8FCB0471A6BCA93002A659D /* koron.wav in Resources */ = {isa = PBXBuildFile; fileRef = B8FCB0461A6BCA93002A659D /* koron.wav */; };
		B8FCB0551A6BEEAB002A659D /* main.swift in Sources */ = {isa = PBXBuildFile; fileRef = B8FCB0541A6BEEAB002A659D /* main.swift */; };
		B8FCB0561A6BEEAB002A659D /* main.swift in Sources */ = {isa = PBXBuildFile; fileRef = B8FCB0541A6BEEAB002A659D /* main.swift */; };
/* End PBXBuildFile section */

/* Begin PBXContainerItemProxy section */
		B866F8011A4AD44A00BCA990 /* PBXContainerItemProxy */ = {
			isa = PBXContainerItemProxy;
			containerPortal = B866F7E31A4AD44900BCA990 /* Project object */;
			proxyType = 1;
			remoteGlobalIDString = B866F7EA1A4AD44900BCA990;
			remoteInfo = AnminKomachi;
		};
/* End PBXContainerItemProxy section */

/* Begin PBXCopyFilesBuildPhase section */
		B815C9201A71F1F400D56D49 /* CopyFiles */ = {
			isa = PBXCopyFilesBuildPhase;
			buildActionMask = 2147483647;
			dstPath = "";
			dstSubfolderSpec = 10;
			files = (
			);
			runOnlyForDeploymentPostprocessing = 0;
		};
/* End PBXCopyFilesBuildPhase section */

/* Begin PBXFileReference section */
		B80A468A1A5BCCEA0010E511 /* スクリーンショット 2014-12-16 13.18.06.png */ = {isa = PBXFileReference; lastKnownFileType = image.png; path = "スクリーンショット 2014-12-16 13.18.06.png"; sourceTree = "<group>"; };
		B80A468C1A5BF2680010E511 /* 頭痛にナファリン.mp3 */ = {isa = PBXFileReference; lastKnownFileType = audio.mp3; path = "頭痛にナファリン.mp3"; sourceTree = "<group>"; };
		B80A468E1A5BF3610010E511 /* こころをリラックス。.m4a */ = {isa = PBXFileReference; lastKnownFileType = file; path = "こころをリラックス。.m4a"; sourceTree = "<group>"; };
		B80A46901A5BF3D30010E511 /* スクリーンショット 2014-12-22 16.28.18.png */ = {isa = PBXFileReference; lastKnownFileType = image.png; path = "スクリーンショット 2014-12-22 16.28.18.png"; sourceTree = "<group>"; };
		B80A46921A5BF5950010E511 /* いっしょにねよう？.m4a */ = {isa = PBXFileReference; lastKnownFileType = file; path = "いっしょにねよう？.m4a"; sourceTree = "<group>"; };
		B80A46941A5BF5A30010E511 /* maid_sleep.jpg */ = {isa = PBXFileReference; lastKnownFileType = image.jpeg; path = maid_sleep.jpg; sourceTree = "<group>"; };
		B815C9071A71066500D56D49 /* SwiftData.swift */ = {isa = PBXFileReference; fileEncoding = 4; lastKnownFileType = sourcecode.swift; path = SwiftData.swift; sourceTree = "<group>"; };
		B815C9091A71ECC800D56D49 /* libsqlite3.dylib */ = {isa = PBXFileReference; lastKnownFileType = "compiled.mach-o.dylib"; name = libsqlite3.dylib; path = usr/lib/libsqlite3.dylib; sourceTree = SDKROOT; };
		B815C90B1A71EE0800D56D49 /* AnminKomachi-Bridging-Header.h */ = {isa = PBXFileReference; lastKnownFileType = sourcecode.c.h; path = "AnminKomachi-Bridging-Header.h"; sourceTree = "<group>"; };
		B824F87E1A4AE942003949DE /* player下.png */ = {isa = PBXFileReference; lastKnownFileType = image.png; path = "player下.png"; sourceTree = "<group>"; };
		B82A28DE1A626816000E5DF1 /* river.mp3 */ = {isa = PBXFileReference; lastKnownFileType = audio.mp3; path = river.mp3; sourceTree = "<group>"; };
		B82A28E01A6289EC000E5DF1 /* AVFoundation.framework */ = {isa = PBXFileReference; lastKnownFileType = wrapper.framework; name = AVFoundation.framework; path = System/Library/Frameworks/AVFoundation.framework; sourceTree = SDKROOT; };
		B82A28E21A6289FD000E5DF1 /* MediaPlayer.framework */ = {isa = PBXFileReference; lastKnownFileType = wrapper.framework; name = MediaPlayer.framework; path = System/Library/Frameworks/MediaPlayer.framework; sourceTree = SDKROOT; };
		B82A28E41A628A61000E5DF1 /* UIKit.framework */ = {isa = PBXFileReference; lastKnownFileType = wrapper.framework; name = UIKit.framework; path = System/Library/Frameworks/UIKit.framework; sourceTree = SDKROOT; };
		B82A28E81A6512E3000E5DF1 /* AnminKomachi.entitlements */ = {isa = PBXFileReference; lastKnownFileType = text.xml; path = AnminKomachi.entitlements; sourceTree = "<group>"; };
		B82C7F7B1A7D06AB00A4C23C /* azuki.ttf */ = {isa = PBXFileReference; lastKnownFileType = file; path = azuki.ttf; sourceTree = "<group>"; };
		B838E2171A59449500AC809E /* mb.png */ = {isa = PBXFileReference; lastKnownFileType = image.png; path = mb.png; sourceTree = "<group>"; };
		B838E2471A5A6C8A00AC809E /* slime.gif */ = {isa = PBXFileReference; lastKnownFileType = image.gif; path = slime.gif; sourceTree = "<group>"; };
		B838E2491A5A739100AC809E /* 41515328.jpg */ = {isa = PBXFileReference; lastKnownFileType = image.jpeg; path = 41515328.jpg; sourceTree = "<group>"; };
		B838E24B1A5A938C00AC809E /* player2.png */ = {isa = PBXFileReference; lastKnownFileType = image.png; path = player2.png; sourceTree = "<group>"; };
		B838E24D1A5A946600AC809E /* shop_gamers-cd.jpg */ = {isa = PBXFileReference; lastKnownFileType = image.jpeg; path = "shop_gamers-cd.jpg"; sourceTree = "<group>"; };
		B866F7EB1A4AD44A00BCA990 /* AnminKomachi.app */ = {isa = PBXFileReference; explicitFileType = wrapper.application; includeInIndex = 0; path = AnminKomachi.app; sourceTree = BUILT_PRODUCTS_DIR; };
		B866F7EF1A4AD44A00BCA990 /* Info.plist */ = {isa = PBXFileReference; lastKnownFileType = text.plist.xml; path = Info.plist; sourceTree = "<group>"; };
		B866F7F01A4AD44A00BCA990 /* AppDelegate.swift */ = {isa = PBXFileReference; lastKnownFileType = sourcecode.swift; path = AppDelegate.swift; sourceTree = "<group>"; };
		B866F7F21A4AD44A00BCA990 /* HomeViewController.swift */ = {isa = PBXFileReference; lastKnownFileType = sourcecode.swift; path = HomeViewController.swift; sourceTree = "<group>"; };
		B866F7F51A4AD44A00BCA990 /* Base */ = {isa = PBXFileReference; lastKnownFileType = file.storyboard; name = Base; path = Base.lproj/Main.storyboard; sourceTree = "<group>"; };
		B866F7F71A4AD44A00BCA990 /* Images.xcassets */ = {isa = PBXFileReference; lastKnownFileType = folder.assetcatalog; path = Images.xcassets; sourceTree = "<group>"; };
		B866F7FA1A4AD44A00BCA990 /* Base */ = {isa = PBXFileReference; lastKnownFileType = file.xib; name = Base; path = Base.lproj/LaunchScreen.xib; sourceTree = "<group>"; };
		B866F8001A4AD44A00BCA990 /* AnminKomachiTests.xctest */ = {isa = PBXFileReference; explicitFileType = wrapper.cfbundle; includeInIndex = 0; path = AnminKomachiTests.xctest; sourceTree = BUILT_PRODUCTS_DIR; };
		B866F8051A4AD44A00BCA990 /* Info.plist */ = {isa = PBXFileReference; lastKnownFileType = text.plist.xml; path = Info.plist; sourceTree = "<group>"; };
		B866F8061A4AD44A00BCA990 /* AnminKomachiTests.swift */ = {isa = PBXFileReference; lastKnownFileType = sourcecode.swift; path = AnminKomachiTests.swift; sourceTree = "<group>"; };
		B866F8141A4AD6E700BCA990 /* Constants.swift */ = {isa = PBXFileReference; fileEncoding = 4; lastKnownFileType = sourcecode.swift; path = Constants.swift; sourceTree = "<group>"; };
		B866F8161A4AD6FD00BCA990 /* SleepVoiceManager.swift */ = {isa = PBXFileReference; fileEncoding = 4; lastKnownFileType = sourcecode.swift; path = SleepVoiceManager.swift; sourceTree = "<group>"; };
		B866F8171A4AD6FD00BCA990 /* TalkManager.swift */ = {isa = PBXFileReference; fileEncoding = 4; lastKnownFileType = sourcecode.swift; path = TalkManager.swift; sourceTree = "<group>"; };
		B866F81D1A4AD70700BCA990 /* FadeLabel.swift */ = {isa = PBXFileReference; fileEncoding = 4; lastKnownFileType = sourcecode.swift; path = FadeLabel.swift; sourceTree = "<group>"; };
		B866F81E1A4AD70700BCA990 /* JsonReader.swift */ = {isa = PBXFileReference; fileEncoding = 4; lastKnownFileType = sourcecode.swift; path = JsonReader.swift; sourceTree = "<group>"; };
		B866F81F1A4AD70700BCA990 /* SoundPlayer.swift */ = {isa = PBXFileReference; fileEncoding = 4; lastKnownFileType = sourcecode.swift; path = SoundPlayer.swift; sourceTree = "<group>"; };
		B866F8291A4AD7EB00BCA990 /* SleepLsViewController.swift */ = {isa = PBXFileReference; fileEncoding = 4; lastKnownFileType = sourcecode.swift; path = SleepLsViewController.swift; sourceTree = "<group>"; };
		B866F82D1A4AD83F00BCA990 /* SwiftyJSON.swift */ = {isa = PBXFileReference; fileEncoding = 4; lastKnownFileType = sourcecode.swift; path = SwiftyJSON.swift; sourceTree = "<group>"; };
		B866F8321A4AD9E300BCA990 /* SleepPrViewController.swift */ = {isa = PBXFileReference; fileEncoding = 4; lastKnownFileType = sourcecode.swift; path = SleepPrViewController.swift; sourceTree = "<group>"; };
		B866F8351A4ADAC100BCA990 /* hanasaku.png */ = {isa = PBXFileReference; lastKnownFileType = image.png; path = hanasaku.png; sourceTree = "<group>"; };
		B866F8361A4ADAC100BCA990 /* ささら.png */ = {isa = PBXFileReference; lastKnownFileType = image.png; path = "ささら.png"; sourceTree = "<group>"; };
		B866F8371A4ADAC100BCA990 /* shirokuma.png */ = {isa = PBXFileReference; lastKnownFileType = image.png; path = shirokuma.png; sourceTree = "<group>"; };
		B866F8381A4ADAC100BCA990 /* orange_button.png */ = {isa = PBXFileReference; lastKnownFileType = image.png; path = orange_button.png; sourceTree = "<group>"; };
		B866F8391A4ADAC100BCA990 /* yourd.png */ = {isa = PBXFileReference; lastKnownFileType = image.png; path = yourd.png; sourceTree = "<group>"; };
		B866F83A1A4ADAC100BCA990 /* player.png */ = {isa = PBXFileReference; lastKnownFileType = image.png; path = player.png; sourceTree = "<group>"; };
		B866F83B1A4ADAC100BCA990 /* shirokuma_l.png */ = {isa = PBXFileReference; lastKnownFileType = image.png; path = shirokuma_l.png; sourceTree = "<group>"; };
		B866F83C1A4ADAC100BCA990 /* player横.png */ = {isa = PBXFileReference; lastKnownFileType = image.png; path = "player横.png"; sourceTree = "<group>"; };
		B866F83D1A4ADAC100BCA990 /* player横用.png */ = {isa = PBXFileReference; lastKnownFileType = image.png; path = "player横用.png"; sourceTree = "<group>"; };
		B875B7661A7F42D60052467D /* cover_ls_01.jpg */ = {isa = PBXFileReference; lastKnownFileType = image.jpeg; path = cover_ls_01.jpg; sourceTree = "<group>"; };
		B875B7671A7F42D60052467D /* cover_ls_02.jpg */ = {isa = PBXFileReference; lastKnownFileType = image.jpeg; path = cover_ls_02.jpg; sourceTree = "<group>"; };
		B875B7681A7F42D60052467D /* cover_ls_03.jpg */ = {isa = PBXFileReference; lastKnownFileType = image.jpeg; path = cover_ls_03.jpg; sourceTree = "<group>"; };
		B875B7691A7F42D60052467D /* cover_ls_04.jpg */ = {isa = PBXFileReference; lastKnownFileType = image.jpeg; path = cover_ls_04.jpg; sourceTree = "<group>"; };
		B875B76A1A7F42D60052467D /* cover_ls_05.jpg */ = {isa = PBXFileReference; lastKnownFileType = image.jpeg; path = cover_ls_05.jpg; sourceTree = "<group>"; };
		B875B76B1A7F42D60052467D /* cover_ls_06.jpg */ = {isa = PBXFileReference; lastKnownFileType = image.jpeg; path = cover_ls_06.jpg; sourceTree = "<group>"; };
		B875B76C1A7F42D60052467D /* cover_ls_07.jpg */ = {isa = PBXFileReference; lastKnownFileType = image.jpeg; path = cover_ls_07.jpg; sourceTree = "<group>"; };
		B875B76D1A7F42D60052467D /* cover_ls_08.jpg */ = {isa = PBXFileReference; lastKnownFileType = image.jpeg; path = cover_ls_08.jpg; sourceTree = "<group>"; };
		B875B76E1A7F42D60052467D /* cover_ls_09.jpg */ = {isa = PBXFileReference; lastKnownFileType = image.jpeg; path = cover_ls_09.jpg; sourceTree = "<group>"; };
		B875B76F1A7F42D60052467D /* cover_ls_10.jpg */ = {isa = PBXFileReference; lastKnownFileType = image.jpeg; path = cover_ls_10.jpg; sourceTree = "<group>"; };
		B875B7701A7F42D60052467D /* cover_ls_11.jpg */ = {isa = PBXFileReference; lastKnownFileType = image.jpeg; path = cover_ls_11.jpg; sourceTree = "<group>"; };
		B875B7711A7F42D60052467D /* cover_ls_12.jpg */ = {isa = PBXFileReference; lastKnownFileType = image.jpeg; path = cover_ls_12.jpg; sourceTree = "<group>"; };
		B875B7721A7F42D60052467D /* cover_ls_13.jpg */ = {isa = PBXFileReference; lastKnownFileType = image.jpeg; path = cover_ls_13.jpg; sourceTree = "<group>"; };
		B875B7731A7F42D60052467D /* cover_ls_14.jpg */ = {isa = PBXFileReference; lastKnownFileType = image.jpeg; path = cover_ls_14.jpg; sourceTree = "<group>"; };
		B875B7741A7F42D60052467D /* cover_ls_15.jpg */ = {isa = PBXFileReference; lastKnownFileType = image.jpeg; path = cover_ls_15.jpg; sourceTree = "<group>"; };
		B875B7751A7F42D60052467D /* cover_ls_16.jpg */ = {isa = PBXFileReference; lastKnownFileType = image.jpeg; path = cover_ls_16.jpg; sourceTree = "<group>"; };
		B875B7761A7F42D60052467D /* cover_ls_17.jpg */ = {isa = PBXFileReference; lastKnownFileType = image.jpeg; path = cover_ls_17.jpg; sourceTree = "<group>"; };
		B875B7771A7F42D60052467D /* cover_ls_18.jpg */ = {isa = PBXFileReference; lastKnownFileType = image.jpeg; path = cover_ls_18.jpg; sourceTree = "<group>"; };
		B875B7781A7F42D60052467D /* cover_ls_19.jpg */ = {isa = PBXFileReference; lastKnownFileType = image.jpeg; path = cover_ls_19.jpg; sourceTree = "<group>"; };
		B875B7791A7F42D60052467D /* cover_ls_20.jpg */ = {isa = PBXFileReference; lastKnownFileType = image.jpeg; path = cover_ls_20.jpg; sourceTree = "<group>"; };
		B875B77A1A7F42D60052467D /* cover_ls_21.jpg */ = {isa = PBXFileReference; lastKnownFileType = image.jpeg; path = cover_ls_21.jpg; sourceTree = "<group>"; };
		B875B77B1A7F42D60052467D /* cover_ls_22.jpg */ = {isa = PBXFileReference; lastKnownFileType = image.jpeg; path = cover_ls_22.jpg; sourceTree = "<group>"; };
		B875B77C1A7F42D60052467D /* cover_ls_23.jpg */ = {isa = PBXFileReference; lastKnownFileType = image.jpeg; path = cover_ls_23.jpg; sourceTree = "<group>"; };
		B875B77D1A7F42D60052467D /* cover_ls_24.jpg */ = {isa = PBXFileReference; lastKnownFileType = image.jpeg; path = cover_ls_24.jpg; sourceTree = "<group>"; };
		B875B77E1A7F42D60052467D /* cover_ls_25.jpg */ = {isa = PBXFileReference; lastKnownFileType = image.jpeg; path = cover_ls_25.jpg; sourceTree = "<group>"; };
		B875B77F1A7F42D60052467D /* cover_ls_26.jpg */ = {isa = PBXFileReference; lastKnownFileType = image.jpeg; path = cover_ls_26.jpg; sourceTree = "<group>"; };
		B875B7801A7F42D60052467D /* cover_ls_27.jpg */ = {isa = PBXFileReference; lastKnownFileType = image.jpeg; path = cover_ls_27.jpg; sourceTree = "<group>"; };
		B875B7811A7F42D60052467D /* cover_pr_01.jpg */ = {isa = PBXFileReference; lastKnownFileType = image.jpeg; path = cover_pr_01.jpg; sourceTree = "<group>"; };
		B875B7821A7F42D60052467D /* cover_pr_02.jpg */ = {isa = PBXFileReference; lastKnownFileType = image.jpeg; path = cover_pr_02.jpg; sourceTree = "<group>"; };
		B875B7831A7F42D60052467D /* cover_pr_03.jpg */ = {isa = PBXFileReference; lastKnownFileType = image.jpeg; path = cover_pr_03.jpg; sourceTree = "<group>"; };
		B875B7841A7F42D60052467D /* cover_pr_04.jpg */ = {isa = PBXFileReference; lastKnownFileType = image.jpeg; path = cover_pr_04.jpg; sourceTree = "<group>"; };
		B875B7851A7F42D60052467D /* cover_pr_05.jpg */ = {isa = PBXFileReference; lastKnownFileType = image.jpeg; path = cover_pr_05.jpg; sourceTree = "<group>"; };
		B875B7861A7F42D60052467D /* cover_pr_06.jpg */ = {isa = PBXFileReference; lastKnownFileType = image.jpeg; path = cover_pr_06.jpg; sourceTree = "<group>"; };
		B875B7871A7F42D60052467D /* cover_pr_07.jpg */ = {isa = PBXFileReference; lastKnownFileType = image.jpeg; path = cover_pr_07.jpg; sourceTree = "<group>"; };
		B875B7881A7F42D60052467D /* cover_pr_08.jpg */ = {isa = PBXFileReference; lastKnownFileType = image.jpeg; path = cover_pr_08.jpg; sourceTree = "<group>"; };
		B875B7891A7F42D60052467D /* cover_pr_09.jpg */ = {isa = PBXFileReference; lastKnownFileType = image.jpeg; path = cover_pr_09.jpg; sourceTree = "<group>"; };
		B875B78A1A7F42D60052467D /* cover_pr_10.jpg */ = {isa = PBXFileReference; lastKnownFileType = image.jpeg; path = cover_pr_10.jpg; sourceTree = "<group>"; };
		B875B78B1A7F42D60052467D /* cover_pr_11.jpg */ = {isa = PBXFileReference; lastKnownFileType = image.jpeg; path = cover_pr_11.jpg; sourceTree = "<group>"; };
		B875B78C1A7F42D60052467D /* cover_pr_12.jpg */ = {isa = PBXFileReference; lastKnownFileType = image.jpeg; path = cover_pr_12.jpg; sourceTree = "<group>"; };
		B875B78D1A7F42D60052467D /* cover_pr_13.jpg */ = {isa = PBXFileReference; lastKnownFileType = image.jpeg; path = cover_pr_13.jpg; sourceTree = "<group>"; };
		B875B78E1A7F42D60052467D /* cover_pr_14.jpg */ = {isa = PBXFileReference; lastKnownFileType = image.jpeg; path = cover_pr_14.jpg; sourceTree = "<group>"; };
		B875B78F1A7F42D60052467D /* cover_pr_15.jpg */ = {isa = PBXFileReference; lastKnownFileType = image.jpeg; path = cover_pr_15.jpg; sourceTree = "<group>"; };
		B875B7901A7F42D60052467D /* cover_pr_16.jpg */ = {isa = PBXFileReference; lastKnownFileType = image.jpeg; path = cover_pr_16.jpg; sourceTree = "<group>"; };
		B875B7911A7F42D60052467D /* cover_pr_17.jpg */ = {isa = PBXFileReference; lastKnownFileType = image.jpeg; path = cover_pr_17.jpg; sourceTree = "<group>"; };
		B875B7921A7F42D60052467D /* cover_pr_18.jpg */ = {isa = PBXFileReference; lastKnownFileType = image.jpeg; path = cover_pr_18.jpg; sourceTree = "<group>"; };
		B875B7931A7F42D60052467D /* cover_pr_19.jpg */ = {isa = PBXFileReference; lastKnownFileType = image.jpeg; path = cover_pr_19.jpg; sourceTree = "<group>"; };
		B875B7941A7F42D60052467D /* cover_pr_20.jpg */ = {isa = PBXFileReference; lastKnownFileType = image.jpeg; path = cover_pr_20.jpg; sourceTree = "<group>"; };
		B875B7951A7F42D60052467D /* cover_pr_21.jpg */ = {isa = PBXFileReference; lastKnownFileType = image.jpeg; path = cover_pr_21.jpg; sourceTree = "<group>"; };
		B875B7961A7F42D60052467D /* cover_pr_22.jpg */ = {isa = PBXFileReference; lastKnownFileType = image.jpeg; path = cover_pr_22.jpg; sourceTree = "<group>"; };
		B875B7971A7F42D60052467D /* cover_pr_23.jpg */ = {isa = PBXFileReference; lastKnownFileType = image.jpeg; path = cover_pr_23.jpg; sourceTree = "<group>"; };
		B875B7981A7F42D60052467D /* cover_pr_24.jpg */ = {isa = PBXFileReference; lastKnownFileType = image.jpeg; path = cover_pr_24.jpg; sourceTree = "<group>"; };
		B875B7991A7F42D60052467D /* cover_pr_25.jpg */ = {isa = PBXFileReference; lastKnownFileType = image.jpeg; path = cover_pr_25.jpg; sourceTree = "<group>"; };
		B875B79A1A7F42D60052467D /* cover_pr_26.jpg */ = {isa = PBXFileReference; lastKnownFileType = image.jpeg; path = cover_pr_26.jpg; sourceTree = "<group>"; };
		B875B79B1A7F42D60052467D /* cover_pr_27.jpg */ = {isa = PBXFileReference; lastKnownFileType = image.jpeg; path = cover_pr_27.jpg; sourceTree = "<group>"; };
		B875B79C1A7F42D60052467D /* cover_pr_28.jpg */ = {isa = PBXFileReference; lastKnownFileType = image.jpeg; path = cover_pr_28.jpg; sourceTree = "<group>"; };
		B875B79D1A7F42D60052467D /* cover_pr_29.jpg */ = {isa = PBXFileReference; lastKnownFileType = image.jpeg; path = cover_pr_29.jpg; sourceTree = "<group>"; };
		B875B79E1A7F42D60052467D /* cover_pr_30.jpg */ = {isa = PBXFileReference; lastKnownFileType = image.jpeg; path = cover_pr_30.jpg; sourceTree = "<group>"; };
		B875B79F1A7F42D60052467D /* cover_pr_31.jpg */ = {isa = PBXFileReference; lastKnownFileType = image.jpeg; path = cover_pr_31.jpg; sourceTree = "<group>"; };
		B875B7DA1A7F47E30052467D /* HomePrViewController.swift */ = {isa = PBXFileReference; fileEncoding = 4; lastKnownFileType = sourcecode.swift; path = HomePrViewController.swift; sourceTree = "<group>"; };
		B887DA721A5C0616004391E1 /* スクリーンショット 2014-12-21 18.48.19.png */ = {isa = PBXFileReference; lastKnownFileType = image.png; path = "スクリーンショット 2014-12-21 18.48.19.png"; sourceTree = "<group>"; };
		B887DA741A5C0752004391E1 /* HomeLsViewController.swift */ = {isa = PBXFileReference; fileEncoding = 4; lastKnownFileType = sourcecode.swift; path = HomeLsViewController.swift; sourceTree = "<group>"; };
		B887DA771A5C07E1004391E1 /* LauncherViewController.swift */ = {isa = PBXFileReference; fileEncoding = 4; lastKnownFileType = sourcecode.swift; path = LauncherViewController.swift; sourceTree = "<group>"; };
		B88D01181A6E96FA0066EFC6 /* cover_sq_01.jpg */ = {isa = PBXFileReference; lastKnownFileType = image.jpeg; path = cover_sq_01.jpg; sourceTree = "<group>"; };
		B88D01191A6E96FA0066EFC6 /* cover_sq_02.jpg */ = {isa = PBXFileReference; lastKnownFileType = image.jpeg; path = cover_sq_02.jpg; sourceTree = "<group>"; };
		B88D011A1A6E96FA0066EFC6 /* cover_sq_03.jpg */ = {isa = PBXFileReference; lastKnownFileType = image.jpeg; path = cover_sq_03.jpg; sourceTree = "<group>"; };
		B88D011B1A6E96FA0066EFC6 /* cover_sq_04.jpg */ = {isa = PBXFileReference; lastKnownFileType = image.jpeg; path = cover_sq_04.jpg; sourceTree = "<group>"; };
		B88D011C1A6E96FA0066EFC6 /* cover_sq_05.jpg */ = {isa = PBXFileReference; lastKnownFileType = image.jpeg; path = cover_sq_05.jpg; sourceTree = "<group>"; };
		B88D011D1A6E96FA0066EFC6 /* cover_sq_06.jpg */ = {isa = PBXFileReference; lastKnownFileType = image.jpeg; path = cover_sq_06.jpg; sourceTree = "<group>"; };
		B88D011E1A6E96FA0066EFC6 /* cover_sq_07.jpg */ = {isa = PBXFileReference; lastKnownFileType = image.jpeg; path = cover_sq_07.jpg; sourceTree = "<group>"; };
		B88D011F1A6E96FA0066EFC6 /* cover_sq_08.jpg */ = {isa = PBXFileReference; lastKnownFileType = image.jpeg; path = cover_sq_08.jpg; sourceTree = "<group>"; };
		B88D01201A6E96FA0066EFC6 /* cover_sq_09.jpg */ = {isa = PBXFileReference; lastKnownFileType = image.jpeg; path = cover_sq_09.jpg; sourceTree = "<group>"; };
		B88D01211A6E96FA0066EFC6 /* cover_sq_10.jpg */ = {isa = PBXFileReference; lastKnownFileType = image.jpeg; path = cover_sq_10.jpg; sourceTree = "<group>"; };
		B88D01221A6E96FA0066EFC6 /* cover_sq_11.jpg */ = {isa = PBXFileReference; lastKnownFileType = image.jpeg; path = cover_sq_11.jpg; sourceTree = "<group>"; };
		B88D01231A6E96FA0066EFC6 /* cover_sq_12.jpg */ = {isa = PBXFileReference; lastKnownFileType = image.jpeg; path = cover_sq_12.jpg; sourceTree = "<group>"; };
		B88D01241A6E96FA0066EFC6 /* cover_sq_13.jpg */ = {isa = PBXFileReference; lastKnownFileType = image.jpeg; path = cover_sq_13.jpg; sourceTree = "<group>"; };
		B88D01251A6E96FA0066EFC6 /* cover_sq_14.jpg */ = {isa = PBXFileReference; lastKnownFileType = image.jpeg; path = cover_sq_14.jpg; sourceTree = "<group>"; };
		B88D01261A6E96FA0066EFC6 /* cover_sq_15.jpg */ = {isa = PBXFileReference; lastKnownFileType = image.jpeg; path = cover_sq_15.jpg; sourceTree = "<group>"; };
		B88D01271A6E96FA0066EFC6 /* cover_sq_16.jpg */ = {isa = PBXFileReference; lastKnownFileType = image.jpeg; path = cover_sq_16.jpg; sourceTree = "<group>"; };
		B88D01281A6E96FA0066EFC6 /* cover_sq_17.jpg */ = {isa = PBXFileReference; lastKnownFileType = image.jpeg; path = cover_sq_17.jpg; sourceTree = "<group>"; };
		B88D01291A6E96FA0066EFC6 /* cover_sq_18.jpg */ = {isa = PBXFileReference; lastKnownFileType = image.jpeg; path = cover_sq_18.jpg; sourceTree = "<group>"; };
		B88D02081A6E9C530066EFC6 /* piroriro.wav */ = {isa = PBXFileReference; lastKnownFileType = audio.wav; path = piroriro.wav; sourceTree = "<group>"; };
		B893C9821A4AE4B300378B72 /* oyas01_sample.mp3 */ = {isa = PBXFileReference; lastKnownFileType = audio.mp3; path = oyas01_sample.mp3; sourceTree = "<group>"; };
		B8CAECFA1A6FB19300994317 /* ボタン桜.png */ = {isa = PBXFileReference; lastKnownFileType = image.png; path = "ボタン桜.png"; sourceTree = "<group>"; };
		B8F302801A77792A003784F9 /* ema.jpg */ = {isa = PBXFileReference; lastKnownFileType = image.jpeg; path = ema.jpg; sourceTree = "<group>"; };
		B8F302821A779260003784F9 /* window.png */ = {isa = PBXFileReference; lastKnownFileType = image.png; path = window.png; sourceTree = "<group>"; };
		B8F302851A779C36003784F9 /* コイン.wav */ = {isa = PBXFileReference; lastKnownFileType = audio.wav; path = "コイン.wav"; sourceTree = "<group>"; };
		B8F302891A779DA0003784F9 /* コイン.m4a */ = {isa = PBXFileReference; lastKnownFileType = file; path = "コイン.m4a"; sourceTree = "<group>"; };
		B8F3028B1A77B141003784F9 /* UIOutlineLabel.swift */ = {isa = PBXFileReference; fileEncoding = 4; lastKnownFileType = sourcecode.swift; path = UIOutlineLabel.swift; sourceTree = "<group>"; };
		B8F3028E1A77B31A003784F9 /* TTTAttributedLabel.h */ = {isa = PBXFileReference; fileEncoding = 4; lastKnownFileType = sourcecode.c.h; path = TTTAttributedLabel.h; sourceTree = "<group>"; };
		B8F3028F1A77B31A003784F9 /* TTTAttributedLabel.m */ = {isa = PBXFileReference; fileEncoding = 4; lastKnownFileType = sourcecode.c.objc; path = TTTAttributedLabel.m; sourceTree = "<group>"; };
		B8FCB03C1A6BC1A3002A659D /* image003.jpg */ = {isa = PBXFileReference; lastKnownFileType = image.jpeg; path = image003.jpg; sourceTree = "<group>"; };
		B8FCB03E1A6BC1B9002A659D /* リビング.jpg */ = {isa = PBXFileReference; lastKnownFileType = image.jpeg; path = "リビング.jpg"; sourceTree = "<group>"; };
		B8FCB0401A6BC239002A659D /* 寮の部屋B.jpg */ = {isa = PBXFileReference; lastKnownFileType = image.jpeg; path = "寮の部屋B.jpg"; sourceTree = "<group>"; };
		B8FCB0421A6BC4DA002A659D /* 雫.png */ = {isa = PBXFileReference; lastKnownFileType = image.png; path = "雫.png"; sourceTree = "<group>"; };
		B8FCB0441A6BC5E9002A659D /* たんぽぽの綿毛.mp3 */ = {isa = PBXFileReference; lastKnownFileType = audio.mp3; path = "たんぽぽの綿毛.mp3"; sourceTree = "<group>"; };
		B8FCB0461A6BCA93002A659D /* koron.wav */ = {isa = PBXFileReference; lastKnownFileType = audio.wav; path = koron.wav; sourceTree = "<group>"; };
		B8FCB0541A6BEEAB002A659D /* main.swift */ = {isa = PBXFileReference; fileEncoding = 4; lastKnownFileType = sourcecode.swift; name = main.swift; path = ../main.swift; sourceTree = "<group>"; };
/* End PBXFileReference section */

/* Begin PBXFrameworksBuildPhase section */
		B866F7E81A4AD44900BCA990 /* Frameworks */ = {
			isa = PBXFrameworksBuildPhase;
			buildActionMask = 2147483647;
			files = (
				B815C90A1A71ECC800D56D49 /* libsqlite3.dylib in Frameworks */,
				B82A28E51A628A61000E5DF1 /* UIKit.framework in Frameworks */,
				B82A28E31A6289FD000E5DF1 /* MediaPlayer.framework in Frameworks */,
				B82A28E11A6289EC000E5DF1 /* AVFoundation.framework in Frameworks */,
			);
			runOnlyForDeploymentPostprocessing = 0;
		};
		B866F7FD1A4AD44A00BCA990 /* Frameworks */ = {
			isa = PBXFrameworksBuildPhase;
			buildActionMask = 2147483647;
			files = (
			);
			runOnlyForDeploymentPostprocessing = 0;
		};
/* End PBXFrameworksBuildPhase section */

/* Begin PBXGroup section */
		B82C7F781A7CFCA400A4C23C /* other */ = {
			isa = PBXGroup;
			children = (
				B82C7F7B1A7D06AB00A4C23C /* azuki.ttf */,
			);
			name = other;
			sourceTree = "<group>";
		};
		B866F7E21A4AD44900BCA990 = {
			isa = PBXGroup;
			children = (
				B815C9091A71ECC800D56D49 /* libsqlite3.dylib */,
				B82A28E41A628A61000E5DF1 /* UIKit.framework */,
				B82A28E21A6289FD000E5DF1 /* MediaPlayer.framework */,
				B82A28E01A6289EC000E5DF1 /* AVFoundation.framework */,
				B866F7ED1A4AD44A00BCA990 /* AnminKomachi */,
				B866F8031A4AD44A00BCA990 /* AnminKomachiTests */,
				B866F7EC1A4AD44A00BCA990 /* Products */,
				B815C90B1A71EE0800D56D49 /* AnminKomachi-Bridging-Header.h */,
			);
			sourceTree = "<group>";
		};
		B866F7EC1A4AD44A00BCA990 /* Products */ = {
			isa = PBXGroup;
			children = (
				B866F7EB1A4AD44A00BCA990 /* AnminKomachi.app */,
				B866F8001A4AD44A00BCA990 /* AnminKomachiTests.xctest */,
			);
			name = Products;
			sourceTree = "<group>";
		};
		B866F7ED1A4AD44A00BCA990 /* AnminKomachi */ = {
			isa = PBXGroup;
			children = (
				B82A28E81A6512E3000E5DF1 /* AnminKomachi.entitlements */,
				B866F8131A4AD46D00BCA990 /* Vendor */,
				B866F8111A4AD46400BCA990 /* Model */,
				B866F8101A4AD45C00BCA990 /* Controller */,
				B866F7F01A4AD44A00BCA990 /* AppDelegate.swift */,
				B8FCB0541A6BEEAB002A659D /* main.swift */,
				B866F7F41A4AD44A00BCA990 /* Main.storyboard */,
				B866F8141A4AD6E700BCA990 /* Constants.swift */,
				B866F7F71A4AD44A00BCA990 /* Images.xcassets */,
				B866F7F91A4AD44A00BCA990 /* LaunchScreen.xib */,
				B866F7EE1A4AD44A00BCA990 /* Supporting Files */,
			);
			path = AnminKomachi;
			sourceTree = "<group>";
		};
		B866F7EE1A4AD44A00BCA990 /* Supporting Files */ = {
			isa = PBXGroup;
			children = (
				B82C7F781A7CFCA400A4C23C /* other */,
				B8F302841A779C2C003784F9 /* se */,
				B8B4F7EF1A661F8B000FFD91 /* cover_image */,
				B866F8501A4AE11200BCA990 /* voice */,
				B866F8281A4AD71D00BCA990 /* image */,
				B866F7EF1A4AD44A00BCA990 /* Info.plist */,
			);
			path = "Supporting Files";
			sourceTree = "<group>";
		};
		B866F8031A4AD44A00BCA990 /* AnminKomachiTests */ = {
			isa = PBXGroup;
			children = (
				B866F8061A4AD44A00BCA990 /* AnminKomachiTests.swift */,
				B866F8041A4AD44A00BCA990 /* Supporting Files */,
			);
			path = AnminKomachiTests;
			sourceTree = "<group>";
		};
		B866F8041A4AD44A00BCA990 /* Supporting Files */ = {
			isa = PBXGroup;
			children = (
				B866F8051A4AD44A00BCA990 /* Info.plist */,
			);
			path = "Supporting Files";
			sourceTree = "<group>";
		};
		B866F8101A4AD45C00BCA990 /* Controller */ = {
			isa = PBXGroup;
			children = (
				B887DA771A5C07E1004391E1 /* LauncherViewController.swift */,
				B866F7F21A4AD44A00BCA990 /* HomeViewController.swift */,
				B875B7DA1A7F47E30052467D /* HomePrViewController.swift */,
				B887DA741A5C0752004391E1 /* HomeLsViewController.swift */,
				B866F8291A4AD7EB00BCA990 /* SleepLsViewController.swift */,
				B866F8321A4AD9E300BCA990 /* SleepPrViewController.swift */,
			);
			path = Controller;
			sourceTree = "<group>";
		};
		B866F8111A4AD46400BCA990 /* Model */ = {
			isa = PBXGroup;
			children = (
				B866F8161A4AD6FD00BCA990 /* SleepVoiceManager.swift */,
				B866F8171A4AD6FD00BCA990 /* TalkManager.swift */,
				B866F8121A4AD46900BCA990 /* Lib */,
			);
			path = Model;
			sourceTree = "<group>";
		};
		B866F8121A4AD46900BCA990 /* Lib */ = {
			isa = PBXGroup;
			children = (
				B866F81D1A4AD70700BCA990 /* FadeLabel.swift */,
				B8F3028B1A77B141003784F9 /* UIOutlineLabel.swift */,
				B866F81E1A4AD70700BCA990 /* JsonReader.swift */,
				B866F81F1A4AD70700BCA990 /* SoundPlayer.swift */,
			);
			path = Lib;
			sourceTree = "<group>";
		};
		B866F8131A4AD46D00BCA990 /* Vendor */ = {
			isa = PBXGroup;
			children = (
				B866F82D1A4AD83F00BCA990 /* SwiftyJSON.swift */,
				B8F3028D1A77B31A003784F9 /* TTTAttributedLabel */,
				B815C9071A71066500D56D49 /* SwiftData.swift */,
			);
			path = Vendor;
			sourceTree = "<group>";
		};
		B866F8281A4AD71D00BCA990 /* image */ = {
			isa = PBXGroup;
			children = (
				B8CAECFA1A6FB19300994317 /* ボタン桜.png */,
				B8F302821A779260003784F9 /* window.png */,
				B8FCB0421A6BC4DA002A659D /* 雫.png */,
				B8FCB03E1A6BC1B9002A659D /* リビング.jpg */,
				B8FCB0401A6BC239002A659D /* 寮の部屋B.jpg */,
				B824F87E1A4AE942003949DE /* player下.png */,
				B80A46901A5BF3D30010E511 /* スクリーンショット 2014-12-22 16.28.18.png */,
				B80A46941A5BF5A30010E511 /* maid_sleep.jpg */,
				B866F8351A4ADAC100BCA990 /* hanasaku.png */,
				B866F8361A4ADAC100BCA990 /* ささら.png */,
				B838E2471A5A6C8A00AC809E /* slime.gif */,
				B8FCB03C1A6BC1A3002A659D /* image003.jpg */,
				B866F8371A4ADAC100BCA990 /* shirokuma.png */,
				B887DA721A5C0616004391E1 /* スクリーンショット 2014-12-21 18.48.19.png */,
				B866F8381A4ADAC100BCA990 /* orange_button.png */,
				B838E2171A59449500AC809E /* mb.png */,
				B80A468A1A5BCCEA0010E511 /* スクリーンショット 2014-12-16 13.18.06.png */,
				B838E2491A5A739100AC809E /* 41515328.jpg */,
				B866F8391A4ADAC100BCA990 /* yourd.png */,
				B866F83A1A4ADAC100BCA990 /* player.png */,
				B838E24D1A5A946600AC809E /* shop_gamers-cd.jpg */,
				B866F83B1A4ADAC100BCA990 /* shirokuma_l.png */,
				B838E24B1A5A938C00AC809E /* player2.png */,
				B866F83C1A4ADAC100BCA990 /* player横.png */,
				B866F83D1A4ADAC100BCA990 /* player横用.png */,
			);
			path = image;
			sourceTree = "<group>";
		};
		B866F8501A4AE11200BCA990 /* voice */ = {
			isa = PBXGroup;
			children = (
				B8FCB0461A6BCA93002A659D /* koron.wav */,
				B88D02081A6E9C530066EFC6 /* piroriro.wav */,
				B893C9821A4AE4B300378B72 /* oyas01_sample.mp3 */,
				B80A468C1A5BF2680010E511 /* 頭痛にナファリン.mp3 */,
				B82A28DE1A626816000E5DF1 /* river.mp3 */,
				B80A46921A5BF5950010E511 /* いっしょにねよう？.m4a */,
				B8FCB0441A6BC5E9002A659D /* たんぽぽの綿毛.mp3 */,
				B80A468E1A5BF3610010E511 /* こころをリラックス。.m4a */,
			);
			path = voice;
			sourceTree = "<group>";
		};
		B8B4F7EF1A661F8B000FFD91 /* cover_image */ = {
			isa = PBXGroup;
			children = (
				B8F302801A77792A003784F9 /* ema.jpg */,
				B875B7661A7F42D60052467D /* cover_ls_01.jpg */,
				B875B7671A7F42D60052467D /* cover_ls_02.jpg */,
				B875B7681A7F42D60052467D /* cover_ls_03.jpg */,
				B875B7691A7F42D60052467D /* cover_ls_04.jpg */,
				B875B76A1A7F42D60052467D /* cover_ls_05.jpg */,
				B875B76B1A7F42D60052467D /* cover_ls_06.jpg */,
				B875B76C1A7F42D60052467D /* cover_ls_07.jpg */,
				B875B76D1A7F42D60052467D /* cover_ls_08.jpg */,
				B875B76E1A7F42D60052467D /* cover_ls_09.jpg */,
				B875B76F1A7F42D60052467D /* cover_ls_10.jpg */,
				B875B7701A7F42D60052467D /* cover_ls_11.jpg */,
				B875B7711A7F42D60052467D /* cover_ls_12.jpg */,
				B875B7721A7F42D60052467D /* cover_ls_13.jpg */,
				B875B7731A7F42D60052467D /* cover_ls_14.jpg */,
				B875B7741A7F42D60052467D /* cover_ls_15.jpg */,
				B875B7751A7F42D60052467D /* cover_ls_16.jpg */,
				B875B7761A7F42D60052467D /* cover_ls_17.jpg */,
				B875B7771A7F42D60052467D /* cover_ls_18.jpg */,
				B875B7781A7F42D60052467D /* cover_ls_19.jpg */,
				B875B7791A7F42D60052467D /* cover_ls_20.jpg */,
				B875B77A1A7F42D60052467D /* cover_ls_21.jpg */,
				B875B77B1A7F42D60052467D /* cover_ls_22.jpg */,
				B875B77C1A7F42D60052467D /* cover_ls_23.jpg */,
				B875B77D1A7F42D60052467D /* cover_ls_24.jpg */,
				B875B77E1A7F42D60052467D /* cover_ls_25.jpg */,
				B875B77F1A7F42D60052467D /* cover_ls_26.jpg */,
				B875B7801A7F42D60052467D /* cover_ls_27.jpg */,
				B875B7811A7F42D60052467D /* cover_pr_01.jpg */,
				B875B7821A7F42D60052467D /* cover_pr_02.jpg */,
				B875B7831A7F42D60052467D /* cover_pr_03.jpg */,
				B875B7841A7F42D60052467D /* cover_pr_04.jpg */,
				B875B7851A7F42D60052467D /* cover_pr_05.jpg */,
				B875B7861A7F42D60052467D /* cover_pr_06.jpg */,
				B875B7871A7F42D60052467D /* cover_pr_07.jpg */,
				B875B7881A7F42D60052467D /* cover_pr_08.jpg */,
				B875B7891A7F42D60052467D /* cover_pr_09.jpg */,
				B875B78A1A7F42D60052467D /* cover_pr_10.jpg */,
				B875B78B1A7F42D60052467D /* cover_pr_11.jpg */,
				B875B78C1A7F42D60052467D /* cover_pr_12.jpg */,
				B875B78D1A7F42D60052467D /* cover_pr_13.jpg */,
				B875B78E1A7F42D60052467D /* cover_pr_14.jpg */,
				B875B78F1A7F42D60052467D /* cover_pr_15.jpg */,
				B875B7901A7F42D60052467D /* cover_pr_16.jpg */,
				B875B7911A7F42D60052467D /* cover_pr_17.jpg */,
				B875B7921A7F42D60052467D /* cover_pr_18.jpg */,
				B875B7931A7F42D60052467D /* cover_pr_19.jpg */,
				B875B7941A7F42D60052467D /* cover_pr_20.jpg */,
				B875B7951A7F42D60052467D /* cover_pr_21.jpg */,
				B875B7961A7F42D60052467D /* cover_pr_22.jpg */,
				B875B7971A7F42D60052467D /* cover_pr_23.jpg */,
				B875B7981A7F42D60052467D /* cover_pr_24.jpg */,
				B875B7991A7F42D60052467D /* cover_pr_25.jpg */,
				B875B79A1A7F42D60052467D /* cover_pr_26.jpg */,
				B875B79B1A7F42D60052467D /* cover_pr_27.jpg */,
				B875B79C1A7F42D60052467D /* cover_pr_28.jpg */,
				B875B79D1A7F42D60052467D /* cover_pr_29.jpg */,
				B875B79E1A7F42D60052467D /* cover_pr_30.jpg */,
				B875B79F1A7F42D60052467D /* cover_pr_31.jpg */,
				B88D01181A6E96FA0066EFC6 /* cover_sq_01.jpg */,
				B88D01191A6E96FA0066EFC6 /* cover_sq_02.jpg */,
				B88D011A1A6E96FA0066EFC6 /* cover_sq_03.jpg */,
				B88D011B1A6E96FA0066EFC6 /* cover_sq_04.jpg */,
				B88D011C1A6E96FA0066EFC6 /* cover_sq_05.jpg */,
				B88D011D1A6E96FA0066EFC6 /* cover_sq_06.jpg */,
				B88D011E1A6E96FA0066EFC6 /* cover_sq_07.jpg */,
				B88D011F1A6E96FA0066EFC6 /* cover_sq_08.jpg */,
				B88D01201A6E96FA0066EFC6 /* cover_sq_09.jpg */,
				B88D01211A6E96FA0066EFC6 /* cover_sq_10.jpg */,
				B88D01221A6E96FA0066EFC6 /* cover_sq_11.jpg */,
				B88D01231A6E96FA0066EFC6 /* cover_sq_12.jpg */,
				B88D01241A6E96FA0066EFC6 /* cover_sq_13.jpg */,
				B88D01251A6E96FA0066EFC6 /* cover_sq_14.jpg */,
				B88D01261A6E96FA0066EFC6 /* cover_sq_15.jpg */,
				B88D01271A6E96FA0066EFC6 /* cover_sq_16.jpg */,
				B88D01281A6E96FA0066EFC6 /* cover_sq_17.jpg */,
				B88D01291A6E96FA0066EFC6 /* cover_sq_18.jpg */,
			);
			path = cover_image;
			sourceTree = "<group>";
		};
		B8F302841A779C2C003784F9 /* se */ = {
			isa = PBXGroup;
			children = (
				B8F302851A779C36003784F9 /* コイン.wav */,
				B8F302891A779DA0003784F9 /* コイン.m4a */,
			);
			name = se;
			sourceTree = "<group>";
		};
		B8F3028D1A77B31A003784F9 /* TTTAttributedLabel */ = {
			isa = PBXGroup;
			children = (
				B8F3028E1A77B31A003784F9 /* TTTAttributedLabel.h */,
				B8F3028F1A77B31A003784F9 /* TTTAttributedLabel.m */,
			);
			path = TTTAttributedLabel;
			sourceTree = "<group>";
		};
/* End PBXGroup section */

/* Begin PBXNativeTarget section */
		B866F7EA1A4AD44900BCA990 /* AnminKomachi */ = {
			isa = PBXNativeTarget;
			buildConfigurationList = B866F80A1A4AD44A00BCA990 /* Build configuration list for PBXNativeTarget "AnminKomachi" */;
			buildPhases = (
				B866F7E71A4AD44900BCA990 /* Sources */,
				B866F7E81A4AD44900BCA990 /* Frameworks */,
				B866F7E91A4AD44900BCA990 /* Resources */,
				B815C9201A71F1F400D56D49 /* CopyFiles */,
			);
			buildRules = (
			);
			dependencies = (
			);
			name = AnminKomachi;
			productName = AnminKomachi;
			productReference = B866F7EB1A4AD44A00BCA990 /* AnminKomachi.app */;
			productType = "com.apple.product-type.application";
		};
		B866F7FF1A4AD44A00BCA990 /* AnminKomachiTests */ = {
			isa = PBXNativeTarget;
			buildConfigurationList = B866F80D1A4AD44A00BCA990 /* Build configuration list for PBXNativeTarget "AnminKomachiTests" */;
			buildPhases = (
				B866F7FC1A4AD44A00BCA990 /* Sources */,
				B866F7FD1A4AD44A00BCA990 /* Frameworks */,
				B866F7FE1A4AD44A00BCA990 /* Resources */,
			);
			buildRules = (
			);
			dependencies = (
				B866F8021A4AD44A00BCA990 /* PBXTargetDependency */,
			);
			name = AnminKomachiTests;
			productName = AnminKomachiTests;
			productReference = B866F8001A4AD44A00BCA990 /* AnminKomachiTests.xctest */;
			productType = "com.apple.product-type.bundle.unit-test";
		};
/* End PBXNativeTarget section */

/* Begin PBXProject section */
		B866F7E31A4AD44900BCA990 /* Project object */ = {
			isa = PBXProject;
			attributes = {
				LastUpgradeCheck = 0610;
				ORGANIZATIONNAME = Tsubaki;
				TargetAttributes = {
					B866F7EA1A4AD44900BCA990 = {
						CreatedOnToolsVersion = 6.1.1;
						DevelopmentTeam = AXM98ZS3RD;
						SystemCapabilities = {
							com.apple.BackgroundModes = {
								enabled = 1;
							};
							com.apple.InterAppAudio = {
								enabled = 0;
							};
						};
					};
					B866F7FF1A4AD44A00BCA990 = {
						CreatedOnToolsVersion = 6.1.1;
						TestTargetID = B866F7EA1A4AD44900BCA990;
					};
				};
			};
			buildConfigurationList = B866F7E61A4AD44900BCA990 /* Build configuration list for PBXProject "AnminKomachi" */;
			compatibilityVersion = "Xcode 3.2";
			developmentRegion = English;
			hasScannedForEncodings = 0;
			knownRegions = (
				en,
				Base,
			);
			mainGroup = B866F7E21A4AD44900BCA990;
			productRefGroup = B866F7EC1A4AD44A00BCA990 /* Products */;
			projectDirPath = "";
			projectRoot = "";
			targets = (
				B866F7EA1A4AD44900BCA990 /* AnminKomachi */,
				B866F7FF1A4AD44A00BCA990 /* AnminKomachiTests */,
			);
		};
/* End PBXProject section */

/* Begin PBXResourcesBuildPhase section */
		B866F7E91A4AD44900BCA990 /* Resources */ = {
			isa = PBXResourcesBuildPhase;
			buildActionMask = 2147483647;
			files = (
				B838E2181A59449500AC809E /* mb.png in Resources */,
				B88D02061A6E96FA0066EFC6 /* cover_sq_17.jpg in Resources */,
				B88D02021A6E96FA0066EFC6 /* cover_sq_13.jpg in Resources */,
				B8F302831A779260003784F9 /* window.png in Resources */,
				B824F87F1A4AE942003949DE /* player下.png in Resources */,
				B88D01F81A6E96FA0066EFC6 /* cover_sq_03.jpg in Resources */,
				B875B7A01A7F42D60052467D /* cover_ls_01.jpg in Resources */,
				B866F84C1A4ADAC100BCA990 /* player横.png in Resources */,
				B88D02011A6E96FA0066EFC6 /* cover_sq_12.jpg in Resources */,
				B82C7F7C1A7D06AB00A4C23C /* azuki.ttf in Resources */,
				B875B7B01A7F42D60052467D /* cover_ls_17.jpg in Resources */,
				B875B7AA1A7F42D60052467D /* cover_ls_11.jpg in Resources */,
				B875B7C41A7F42D60052467D /* cover_pr_10.jpg in Resources */,
				B88D01F61A6E96FA0066EFC6 /* cover_sq_01.jpg in Resources */,
				B875B7D01A7F42D60052467D /* cover_pr_22.jpg in Resources */,
				B88D02031A6E96FA0066EFC6 /* cover_sq_14.jpg in Resources */,
				B875B7A31A7F42D60052467D /* cover_ls_04.jpg in Resources */,
				B88D02071A6E96FA0066EFC6 /* cover_sq_18.jpg in Resources */,
				B875B7BD1A7F42D60052467D /* cover_pr_03.jpg in Resources */,
				B875B7B31A7F42D60052467D /* cover_ls_20.jpg in Resources */,
				B875B7AE1A7F42D60052467D /* cover_ls_15.jpg in Resources */,
				B875B7CF1A7F42D60052467D /* cover_pr_21.jpg in Resources */,
				B875B7AB1A7F42D60052467D /* cover_ls_12.jpg in Resources */,
				B88D01F91A6E96FA0066EFC6 /* cover_sq_04.jpg in Resources */,
				B866F7F61A4AD44A00BCA990 /* Main.storyboard in Resources */,
				B875B7A71A7F42D60052467D /* cover_ls_08.jpg in Resources */,
				B866F84E1A4ADAC100BCA990 /* player横用.png in Resources */,
				B866F7FB1A4AD44A00BCA990 /* LaunchScreen.xib in Resources */,
				B875B7D21A7F42D60052467D /* cover_pr_24.jpg in Resources */,
				B875B7D91A7F42D60052467D /* cover_pr_31.jpg in Resources */,
				B80A46911A5BF3D30010E511 /* スクリーンショット 2014-12-22 16.28.18.png in Resources */,
				B875B7C91A7F42D60052467D /* cover_pr_15.jpg in Resources */,
				B875B7AC1A7F42D60052467D /* cover_ls_13.jpg in Resources */,
				B80A46931A5BF5950010E511 /* いっしょにねよう？.m4a in Resources */,
				B8F302861A779C36003784F9 /* コイン.wav in Resources */,
				B88D01FA1A6E96FA0066EFC6 /* cover_sq_05.jpg in Resources */,
				B875B7A21A7F42D60052467D /* cover_ls_03.jpg in Resources */,
				B88D02001A6E96FA0066EFC6 /* cover_sq_11.jpg in Resources */,
				B80A46951A5BF5A30010E511 /* maid_sleep.jpg in Resources */,
				B875B7D81A7F42D60052467D /* cover_pr_30.jpg in Resources */,
				B8FCB0431A6BC4DA002A659D /* 雫.png in Resources */,
				B875B7B41A7F42D60052467D /* cover_ls_21.jpg in Resources */,
				B8CAECFB1A6FB19300994317 /* ボタン桜.png in Resources */,
				B875B7C11A7F42D60052467D /* cover_pr_07.jpg in Resources */,
				B875B7AD1A7F42D60052467D /* cover_ls_14.jpg in Resources */,
				B875B7C01A7F42D60052467D /* cover_pr_06.jpg in Resources */,
				B875B7B71A7F42D60052467D /* cover_ls_24.jpg in Resources */,
				B80A468D1A5BF2680010E511 /* 頭痛にナファリン.mp3 in Resources */,
				B8FCB03D1A6BC1A3002A659D /* image003.jpg in Resources */,
				B875B7BE1A7F42D60052467D /* cover_pr_04.jpg in Resources */,
				B875B7CC1A7F42D60052467D /* cover_pr_18.jpg in Resources */,
				B875B7CA1A7F42D60052467D /* cover_pr_16.jpg in Resources */,
				B875B7D71A7F42D60052467D /* cover_pr_29.jpg in Resources */,
				B8F302811A77792A003784F9 /* ema.jpg in Resources */,
				B875B7A91A7F42D60052467D /* cover_ls_10.jpg in Resources */,
				B88D01FC1A6E96FA0066EFC6 /* cover_sq_07.jpg in Resources */,
				B875B7D41A7F42D60052467D /* cover_pr_26.jpg in Resources */,
				B875B7BF1A7F42D60052467D /* cover_pr_05.jpg in Resources */,
				B88D01FD1A6E96FA0066EFC6 /* cover_sq_08.jpg in Resources */,
				B875B7BA1A7F42D60052467D /* cover_ls_27.jpg in Resources */,
				B875B7D61A7F42D60052467D /* cover_pr_28.jpg in Resources */,
				B875B7A51A7F42D60052467D /* cover_ls_06.jpg in Resources */,
				B8FCB0471A6BCA93002A659D /* koron.wav in Resources */,
				B866F8481A4ADAC100BCA990 /* player.png in Resources */,
				B838E2481A5A6C8A00AC809E /* slime.gif in Resources */,
				B875B7D31A7F42D60052467D /* cover_pr_25.jpg in Resources */,
				B866F8401A4ADAC100BCA990 /* ささら.png in Resources */,
				B8FCB03F1A6BC1B9002A659D /* リビング.jpg in Resources */,
				B875B7A81A7F42D60052467D /* cover_ls_09.jpg in Resources */,
				B875B7B11A7F42D60052467D /* cover_ls_18.jpg in Resources */,
				B88D01FB1A6E96FA0066EFC6 /* cover_sq_06.jpg in Resources */,
				B875B7C71A7F42D60052467D /* cover_pr_13.jpg in Resources */,
				B875B7CD1A7F42D60052467D /* cover_pr_19.jpg in Resources */,
				B88D02051A6E96FA0066EFC6 /* cover_sq_16.jpg in Resources */,
				B875B7C21A7F42D60052467D /* cover_pr_08.jpg in Resources */,
				B875B7BB1A7F42D60052467D /* cover_pr_01.jpg in Resources */,
				B82A28DF1A626816000E5DF1 /* river.mp3 in Resources */,
				B838E24E1A5A946600AC809E /* shop_gamers-cd.jpg in Resources */,
				B875B7A61A7F42D60052467D /* cover_ls_07.jpg in Resources */,
				B838E24C1A5A938C00AC809E /* player2.png in Resources */,
				B866F7F81A4AD44A00BCA990 /* Images.xcassets in Resources */,
				B875B7B91A7F42D60052467D /* cover_ls_26.jpg in Resources */,
				B88D02041A6E96FA0066EFC6 /* cover_sq_15.jpg in Resources */,
				B88D01FF1A6E96FA0066EFC6 /* cover_sq_10.jpg in Resources */,
				B875B7C81A7F42D60052467D /* cover_pr_14.jpg in Resources */,
				B838E24A1A5A739100AC809E /* 41515328.jpg in Resources */,
				B866F83E1A4ADAC100BCA990 /* hanasaku.png in Resources */,
				B875B7BC1A7F42D60052467D /* cover_pr_02.jpg in Resources */,
				B887DA731A5C0616004391E1 /* スクリーンショット 2014-12-21 18.48.19.png in Resources */,
				B893C9831A4AE4B300378B72 /* oyas01_sample.mp3 in Resources */,
				B875B7A41A7F42D60052467D /* cover_ls_05.jpg in Resources */,
				B875B7C61A7F42D60052467D /* cover_pr_12.jpg in Resources */,
				B88D01F71A6E96FA0066EFC6 /* cover_sq_02.jpg in Resources */,
				B8F3028A1A779DA0003784F9 /* コイン.m4a in Resources */,
				B875B7CB1A7F42D60052467D /* cover_pr_17.jpg in Resources */,
				B8FCB0411A6BC239002A659D /* 寮の部屋B.jpg in Resources */,
				B875B7AF1A7F42D60052467D /* cover_ls_16.jpg in Resources */,
				B866F84A1A4ADAC100BCA990 /* shirokuma_l.png in Resources */,
				B80A468B1A5BCCEA0010E511 /* スクリーンショット 2014-12-16 13.18.06.png in Resources */,
				B875B7A11A7F42D60052467D /* cover_ls_02.jpg in Resources */,
				B88D01FE1A6E96FA0066EFC6 /* cover_sq_09.jpg in Resources */,
				B875B7B81A7F42D60052467D /* cover_ls_25.jpg in Resources */,
				B875B7C31A7F42D60052467D /* cover_pr_09.jpg in Resources */,
				B8FCB0451A6BC5E9002A659D /* たんぽぽの綿毛.mp3 in Resources */,
				B875B7CE1A7F42D60052467D /* cover_pr_20.jpg in Resources */,
				B875B7D11A7F42D60052467D /* cover_pr_23.jpg in Resources */,
				B875B7D51A7F42D60052467D /* cover_pr_27.jpg in Resources */,
				B875B7B21A7F42D60052467D /* cover_ls_19.jpg in Resources */,
				B866F8421A4ADAC100BCA990 /* shirokuma.png in Resources */,
				B866F8441A4ADAC100BCA990 /* orange_button.png in Resources */,
				B875B7B61A7F42D60052467D /* cover_ls_23.jpg in Resources */,
				B866F8461A4ADAC100BCA990 /* yourd.png in Resources */,
				B80A468F1A5BF3610010E511 /* こころをリラックス。.m4a in Resources */,
				B875B7B51A7F42D60052467D /* cover_ls_22.jpg in Resources */,
				B88D02091A6E9C530066EFC6 /* piroriro.wav in Resources */,
				B875B7C51A7F42D60052467D /* cover_pr_11.jpg in Resources */,
			);
			runOnlyForDeploymentPostprocessing = 0;
		};
		B866F7FE1A4AD44A00BCA990 /* Resources */ = {
			isa = PBXResourcesBuildPhase;
			buildActionMask = 2147483647;
			files = (
				B866F84B1A4ADAC100BCA990 /* shirokuma_l.png in Resources */,
				B866F8471A4ADAC100BCA990 /* yourd.png in Resources */,
				B866F83F1A4ADAC100BCA990 /* hanasaku.png in Resources */,
				B893C9841A4AE4B300378B72 /* oyas01_sample.mp3 in Resources */,
				B866F8491A4ADAC100BCA990 /* player.png in Resources */,
				B866F8411A4ADAC100BCA990 /* ささら.png in Resources */,
				B866F84F1A4ADAC100BCA990 /* player横用.png in Resources */,
				B866F84D1A4ADAC100BCA990 /* player横.png in Resources */,
				B866F8431A4ADAC100BCA990 /* shirokuma.png in Resources */,
				B866F8451A4ADAC100BCA990 /* orange_button.png in Resources */,
			);
			runOnlyForDeploymentPostprocessing = 0;
		};
/* End PBXResourcesBuildPhase section */

/* Begin PBXSourcesBuildPhase section */
		B866F7E71A4AD44900BCA990 /* Sources */ = {
			isa = PBXSourcesBuildPhase;
			buildActionMask = 2147483647;
			files = (
				B887DA751A5C0752004391E1 /* HomeLsViewController.swift in Sources */,
				B866F8331A4AD9E300BCA990 /* SleepPrViewController.swift in Sources */,
				B8F302901A77B31A003784F9 /* TTTAttributedLabel.m in Sources */,
				B866F8241A4AD70700BCA990 /* JsonReader.swift in Sources */,
				B866F8181A4AD6FD00BCA990 /* SleepVoiceManager.swift in Sources */,
				B815C9081A71066500D56D49 /* SwiftData.swift in Sources */,
				B866F8221A4AD70700BCA990 /* FadeLabel.swift in Sources */,
				B866F82E1A4AD83F00BCA990 /* SwiftyJSON.swift in Sources */,
				B866F82A1A4AD7EB00BCA990 /* SleepLsViewController.swift in Sources */,
				B866F8261A4AD70700BCA990 /* SoundPlayer.swift in Sources */,
				B8FCB0551A6BEEAB002A659D /* main.swift in Sources */,
				B866F7F31A4AD44A00BCA990 /* HomeViewController.swift in Sources */,
				B866F7F11A4AD44A00BCA990 /* AppDelegate.swift in Sources */,
				B866F8151A4AD6E700BCA990 /* Constants.swift in Sources */,
				B8F3028C1A77B141003784F9 /* UIOutlineLabel.swift in Sources */,
				B875B7DB1A7F47E30052467D /* HomePrViewController.swift in Sources */,
				B866F81A1A4AD6FD00BCA990 /* TalkManager.swift in Sources */,
				B887DA781A5C07E1004391E1 /* LauncherViewController.swift in Sources */,
			);
			runOnlyForDeploymentPostprocessing = 0;
		};
		B866F7FC1A4AD44A00BCA990 /* Sources */ = {
			isa = PBXSourcesBuildPhase;
			buildActionMask = 2147483647;
			files = (
				B866F81B1A4AD6FD00BCA990 /* TalkManager.swift in Sources */,
				B8FCB0561A6BEEAB002A659D /* main.swift in Sources */,
				B866F8271A4AD70700BCA990 /* SoundPlayer.swift in Sources */,
				B866F8191A4AD6FD00BCA990 /* SleepVoiceManager.swift in Sources */,
				B887DA761A5C0752004391E1 /* HomeLsViewController.swift in Sources */,
				B887DA791A5C07E1004391E1 /* LauncherViewController.swift in Sources */,
				B866F8231A4AD70700BCA990 /* FadeLabel.swift in Sources */,
				B866F8071A4AD44A00BCA990 /* AnminKomachiTests.swift in Sources */,
				B866F8301A4AD8F000BCA990 /* Constants.swift in Sources */,
				B866F82B1A4AD7EB00BCA990 /* SleepLsViewController.swift in Sources */,
				B866F82F1A4AD83F00BCA990 /* SwiftyJSON.swift in Sources */,
				B866F8251A4AD70700BCA990 /* JsonReader.swift in Sources */,
				B866F8341A4AD9E300BCA990 /* SleepPrViewController.swift in Sources */,
				B875B7DC1A7F47E30052467D /* HomePrViewController.swift in Sources */,
			);
			runOnlyForDeploymentPostprocessing = 0;
		};
/* End PBXSourcesBuildPhase section */

/* Begin PBXTargetDependency section */
		B866F8021A4AD44A00BCA990 /* PBXTargetDependency */ = {
			isa = PBXTargetDependency;
			target = B866F7EA1A4AD44900BCA990 /* AnminKomachi */;
			targetProxy = B866F8011A4AD44A00BCA990 /* PBXContainerItemProxy */;
		};
/* End PBXTargetDependency section */

/* Begin PBXVariantGroup section */
		B866F7F41A4AD44A00BCA990 /* Main.storyboard */ = {
			isa = PBXVariantGroup;
			children = (
				B866F7F51A4AD44A00BCA990 /* Base */,
			);
			name = Main.storyboard;
			sourceTree = "<group>";
		};
		B866F7F91A4AD44A00BCA990 /* LaunchScreen.xib */ = {
			isa = PBXVariantGroup;
			children = (
				B866F7FA1A4AD44A00BCA990 /* Base */,
			);
			name = LaunchScreen.xib;
			sourceTree = "<group>";
		};
/* End PBXVariantGroup section */

/* Begin XCBuildConfiguration section */
		B866F8081A4AD44A00BCA990 /* Debug */ = {
			isa = XCBuildConfiguration;
			buildSettings = {
				ALWAYS_SEARCH_USER_PATHS = NO;
				CLANG_CXX_LANGUAGE_STANDARD = "gnu++0x";
				CLANG_CXX_LIBRARY = "libc++";
				CLANG_ENABLE_MODULES = YES;
				CLANG_ENABLE_OBJC_ARC = YES;
				CLANG_WARN_BOOL_CONVERSION = YES;
				CLANG_WARN_CONSTANT_CONVERSION = YES;
				CLANG_WARN_DIRECT_OBJC_ISA_USAGE = YES_ERROR;
				CLANG_WARN_EMPTY_BODY = YES;
				CLANG_WARN_ENUM_CONVERSION = YES;
				CLANG_WARN_INT_CONVERSION = YES;
				CLANG_WARN_OBJC_ROOT_CLASS = YES_ERROR;
				CLANG_WARN_UNREACHABLE_CODE = YES;
				CLANG_WARN__DUPLICATE_METHOD_MATCH = YES;
				"CODE_SIGN_IDENTITY[sdk=iphoneos*]" = "iPhone Developer";
				COPY_PHASE_STRIP = NO;
				ENABLE_STRICT_OBJC_MSGSEND = YES;
				GCC_C_LANGUAGE_STANDARD = gnu99;
				GCC_DYNAMIC_NO_PIC = NO;
				GCC_OPTIMIZATION_LEVEL = 0;
				GCC_PREPROCESSOR_DEFINITIONS = (
					"DEBUG=1",
					"$(inherited)",
				);
				GCC_SYMBOLS_PRIVATE_EXTERN = NO;
				GCC_WARN_64_TO_32_BIT_CONVERSION = YES;
				GCC_WARN_ABOUT_RETURN_TYPE = YES_ERROR;
				GCC_WARN_UNDECLARED_SELECTOR = YES;
				GCC_WARN_UNINITIALIZED_AUTOS = YES_AGGRESSIVE;
				GCC_WARN_UNUSED_FUNCTION = YES;
				GCC_WARN_UNUSED_VARIABLE = YES;
				IPHONEOS_DEPLOYMENT_TARGET = 8.1;
				MTL_ENABLE_DEBUG_INFO = YES;
				ONLY_ACTIVE_ARCH = YES;
				SDKROOT = iphoneos;
				SWIFT_OPTIMIZATION_LEVEL = "-Onone";
			};
			name = Debug;
		};
		B866F8091A4AD44A00BCA990 /* Release */ = {
			isa = XCBuildConfiguration;
			buildSettings = {
				ALWAYS_SEARCH_USER_PATHS = NO;
				CLANG_CXX_LANGUAGE_STANDARD = "gnu++0x";
				CLANG_CXX_LIBRARY = "libc++";
				CLANG_ENABLE_MODULES = YES;
				CLANG_ENABLE_OBJC_ARC = YES;
				CLANG_WARN_BOOL_CONVERSION = YES;
				CLANG_WARN_CONSTANT_CONVERSION = YES;
				CLANG_WARN_DIRECT_OBJC_ISA_USAGE = YES_ERROR;
				CLANG_WARN_EMPTY_BODY = YES;
				CLANG_WARN_ENUM_CONVERSION = YES;
				CLANG_WARN_INT_CONVERSION = YES;
				CLANG_WARN_OBJC_ROOT_CLASS = YES_ERROR;
				CLANG_WARN_UNREACHABLE_CODE = YES;
				CLANG_WARN__DUPLICATE_METHOD_MATCH = YES;
				"CODE_SIGN_IDENTITY[sdk=iphoneos*]" = "iPhone Developer";
				COPY_PHASE_STRIP = YES;
				ENABLE_NS_ASSERTIONS = NO;
				ENABLE_STRICT_OBJC_MSGSEND = YES;
				GCC_C_LANGUAGE_STANDARD = gnu99;
				GCC_WARN_64_TO_32_BIT_CONVERSION = YES;
				GCC_WARN_ABOUT_RETURN_TYPE = YES_ERROR;
				GCC_WARN_UNDECLARED_SELECTOR = YES;
				GCC_WARN_UNINITIALIZED_AUTOS = YES_AGGRESSIVE;
				GCC_WARN_UNUSED_FUNCTION = YES;
				GCC_WARN_UNUSED_VARIABLE = YES;
				IPHONEOS_DEPLOYMENT_TARGET = 8.1;
				MTL_ENABLE_DEBUG_INFO = NO;
				SDKROOT = iphoneos;
				VALIDATE_PRODUCT = YES;
			};
			name = Release;
		};
		B866F80B1A4AD44A00BCA990 /* Debug */ = {
			isa = XCBuildConfiguration;
			buildSettings = {
				ASSETCATALOG_COMPILER_APPICON_NAME = AppIcon;
				ASSETCATALOG_COMPILER_LAUNCHIMAGE_NAME = LaunchImage;
				CLANG_ENABLE_MODULES = YES;
				FRAMEWORK_SEARCH_PATHS = (
					"$(inherited)",
					"$(PROJECT_DIR)/AnminKomachi/Vendor",
					"$(PROJECT_DIR)",
				);
				INFOPLIST_FILE = "AnminKomachi/Supporting Files/Info.plist";
				IPHONEOS_DEPLOYMENT_TARGET = 7.0;
				LD_RUNPATH_SEARCH_PATHS = "$(inherited) @executable_path/Frameworks";
				PRODUCT_NAME = "$(TARGET_NAME)";
				SWIFT_OBJC_BRIDGING_HEADER = "AnminKomachi-Bridging-Header.h";
				SWIFT_OPTIMIZATION_LEVEL = "-Onone";
			};
			name = Debug;
		};
		B866F80C1A4AD44A00BCA990 /* Release */ = {
			isa = XCBuildConfiguration;
			buildSettings = {
				ASSETCATALOG_COMPILER_APPICON_NAME = AppIcon;
				ASSETCATALOG_COMPILER_LAUNCHIMAGE_NAME = LaunchImage;
				CLANG_ENABLE_MODULES = YES;
				FRAMEWORK_SEARCH_PATHS = (
					"$(inherited)",
					"$(PROJECT_DIR)/AnminKomachi/Vendor",
					"$(PROJECT_DIR)",
				);
				INFOPLIST_FILE = "AnminKomachi/Supporting Files/Info.plist";
				IPHONEOS_DEPLOYMENT_TARGET = 7.0;
				LD_RUNPATH_SEARCH_PATHS = "$(inherited) @executable_path/Frameworks";
				PRODUCT_NAME = "$(TARGET_NAME)";
				SWIFT_OBJC_BRIDGING_HEADER = "AnminKomachi-Bridging-Header.h";
			};
			name = Release;
		};
		B866F80E1A4AD44A00BCA990 /* Debug */ = {
			isa = XCBuildConfiguration;
			buildSettings = {
				BUNDLE_LOADER = "$(TEST_HOST)";
				FRAMEWORK_SEARCH_PATHS = (
					"$(SDKROOT)/Developer/Library/Frameworks",
					"$(inherited)",
				);
				GCC_PREPROCESSOR_DEFINITIONS = (
					"DEBUG=1",
					"$(inherited)",
				);
				INFOPLIST_FILE = "AnminKomachiTests/Supporting Files/Info.plist";
				LD_RUNPATH_SEARCH_PATHS = "$(inherited) @executable_path/Frameworks @loader_path/Frameworks";
				PRODUCT_NAME = "$(TARGET_NAME)";
				TEST_HOST = "$(BUILT_PRODUCTS_DIR)/AnminKomachi.app/AnminKomachi";
			};
			name = Debug;
		};
		B866F80F1A4AD44A00BCA990 /* Release */ = {
			isa = XCBuildConfiguration;
			buildSettings = {
				BUNDLE_LOADER = "$(TEST_HOST)";
				FRAMEWORK_SEARCH_PATHS = (
					"$(SDKROOT)/Developer/Library/Frameworks",
					"$(inherited)",
				);
				INFOPLIST_FILE = "AnminKomachiTests/Supporting Files/Info.plist";
				LD_RUNPATH_SEARCH_PATHS = "$(inherited) @executable_path/Frameworks @loader_path/Frameworks";
				PRODUCT_NAME = "$(TARGET_NAME)";
				TEST_HOST = "$(BUILT_PRODUCTS_DIR)/AnminKomachi.app/AnminKomachi";
			};
			name = Release;
		};
/* End XCBuildConfiguration section */

/* Begin XCConfigurationList section */
		B866F7E61A4AD44900BCA990 /* Build configuration list for PBXProject "AnminKomachi" */ = {
			isa = XCConfigurationList;
			buildConfigurations = (
				B866F8081A4AD44A00BCA990 /* Debug */,
				B866F8091A4AD44A00BCA990 /* Release */,
			);
			defaultConfigurationIsVisible = 0;
			defaultConfigurationName = Release;
		};
		B866F80A1A4AD44A00BCA990 /* Build configuration list for PBXNativeTarget "AnminKomachi" */ = {
			isa = XCConfigurationList;
			buildConfigurations = (
				B866F80B1A4AD44A00BCA990 /* Debug */,
				B866F80C1A4AD44A00BCA990 /* Release */,
			);
			defaultConfigurationIsVisible = 0;
			defaultConfigurationName = Release;
		};
		B866F80D1A4AD44A00BCA990 /* Build configuration list for PBXNativeTarget "AnminKomachiTests" */ = {
			isa = XCConfigurationList;
			buildConfigurations = (
				B866F80E1A4AD44A00BCA990 /* Debug */,
				B866F80F1A4AD44A00BCA990 /* Release */,
			);
			defaultConfigurationIsVisible = 0;
			defaultConfigurationName = Release;
		};
/* End XCConfigurationList section */
	};
	rootObject = B866F7E31A4AD44900BCA990 /* Project object */;
}
